// !$*UTF8*$!
{
	archiveVersion = 1;
	classes = {
	};
	objectVersion = 56;
	objects = {

/* Begin PBXBuildFile section */
		F62FC8A32C30049A00B9AD73 /* MainHeader.swift in Sources */ = {isa = PBXBuildFile; fileRef = F62FC8A22C30049A00B9AD73 /* MainHeader.swift */; };
		F6457A952B9129270059C38C /* Spacing.swift in Sources */ = {isa = PBXBuildFile; fileRef = F6457A942B9129270059C38C /* Spacing.swift */; };
		F653B1542BEB875D00913973 /* EditBookContent.swift in Sources */ = {isa = PBXBuildFile; fileRef = F653B1532BEB875D00913973 /* EditBookContent.swift */; };
		F653B1572BEB8AC700913973 /* CustomTextField.swift in Sources */ = {isa = PBXBuildFile; fileRef = F653B1562BEB8AC700913973 /* CustomTextField.swift */; };
		F653B1592BEB900B00913973 /* CustomDateField.swift in Sources */ = {isa = PBXBuildFile; fileRef = F653B1582BEB900B00913973 /* CustomDateField.swift */; };
		F653B15B2BEBA82D00913973 /* IsFavoriteToggle.swift in Sources */ = {isa = PBXBuildFile; fileRef = F653B15A2BEBA82D00913973 /* IsFavoriteToggle.swift */; };
		F653B15E2BEBAC1700913973 /* BookItem.swift in Sources */ = {isa = PBXBuildFile; fileRef = F653B15D2BEBAC1700913973 /* BookItem.swift */; };
		F653B1602BEBB06C00913973 /* ContentItem.swift in Sources */ = {isa = PBXBuildFile; fileRef = F653B15F2BEBB06C00913973 /* ContentItem.swift */; };
		F65B466A2C004F48000923CC /* LinkContent.swift in Sources */ = {isa = PBXBuildFile; fileRef = F65B46692C004F47000923CC /* LinkContent.swift */; };
		F65B466C2C0052D4000923CC /* HeroMovieContent.swift in Sources */ = {isa = PBXBuildFile; fileRef = F65B466B2C0052D4000923CC /* HeroMovieContent.swift */; };
		F65B466E2C0054E6000923CC /* RatingContent.swift in Sources */ = {isa = PBXBuildFile; fileRef = F65B466D2C0054E6000923CC /* RatingContent.swift */; };
		F65B46702C005573000923CC /* HeroSeriesContent.swift in Sources */ = {isa = PBXBuildFile; fileRef = F65B466F2C005573000923CC /* HeroSeriesContent.swift */; };
		F65B46722C005728000923CC /* IMDbContent.swift in Sources */ = {isa = PBXBuildFile; fileRef = F65B46712C005728000923CC /* IMDbContent.swift */; };
		F6667DB92C31451D00F52C68 /* SwipeToSettingsModifier.swift in Sources */ = {isa = PBXBuildFile; fileRef = F6667DB82C31451D00F52C68 /* SwipeToSettingsModifier.swift */; };
		F6667DBB2C314D8D00F52C68 /* PersonalizationSection.swift in Sources */ = {isa = PBXBuildFile; fileRef = F6667DBA2C314D8D00F52C68 /* PersonalizationSection.swift */; };
		F66F55402B8A068F00C29AB0 /* MainView.swift in Sources */ = {isa = PBXBuildFile; fileRef = F66F553F2B8A068F00C29AB0 /* MainView.swift */; };
		F66F55422B8A074200C29AB0 /* SharedModelContainer.swift in Sources */ = {isa = PBXBuildFile; fileRef = F66F55412B8A074200C29AB0 /* SharedModelContainer.swift */; };
		F66F55442B8A1DE400C29AB0 /* BackupManager.swift in Sources */ = {isa = PBXBuildFile; fileRef = F66F55432B8A1DE400C29AB0 /* BackupManager.swift */; };
		F66F55462B8A36A100C29AB0 /* Date.swift in Sources */ = {isa = PBXBuildFile; fileRef = F66F55452B8A36A100C29AB0 /* Date.swift */; };
		F68E4EFD2BF9EF9400B32D63 /* ContentScreenHeader.swift in Sources */ = {isa = PBXBuildFile; fileRef = F68E4EFC2BF9EF9400B32D63 /* ContentScreenHeader.swift */; };
		F68E4EFF2BF9F24D00B32D63 /* YearSelection.swift in Sources */ = {isa = PBXBuildFile; fileRef = F68E4EFE2BF9F24D00B32D63 /* YearSelection.swift */; };
		F6912F8A2BFDDD0C00504B81 /* ContentHero.swift in Sources */ = {isa = PBXBuildFile; fileRef = F6912F892BFDDD0C00504B81 /* ContentHero.swift */; };
		F6912F8C2BFDE48000504B81 /* HeroBookContent.swift in Sources */ = {isa = PBXBuildFile; fileRef = F6912F8B2BFDE48000504B81 /* HeroBookContent.swift */; };
		F6912F8E2BFDE67D00504B81 /* ScrollView.swift in Sources */ = {isa = PBXBuildFile; fileRef = F6912F8D2BFDE67D00504B81 /* ScrollView.swift */; };
		F6912F902BFDF16900504B81 /* WikipediaContent.swift in Sources */ = {isa = PBXBuildFile; fileRef = F6912F8F2BFDF16900504B81 /* WikipediaContent.swift */; };
		F6912F922BFE1E9F00504B81 /* String.swift in Sources */ = {isa = PBXBuildFile; fileRef = F6912F912BFE1E9F00504B81 /* String.swift */; };
		F6B2F30B2B849B9300A981C2 /* WDIWApp.swift in Sources */ = {isa = PBXBuildFile; fileRef = F6B2F30A2B849B9300A981C2 /* WDIWApp.swift */; };
		F6B2F3112B849B9400A981C2 /* Assets.xcassets in Resources */ = {isa = PBXBuildFile; fileRef = F6B2F3102B849B9400A981C2 /* Assets.xcassets */; };
		F6B2F3142B849B9400A981C2 /* Preview Assets.xcassets in Resources */ = {isa = PBXBuildFile; fileRef = F6B2F3132B849B9400A981C2 /* Preview Assets.xcassets */; };
		F6B2F31E2B84A1F000A981C2 /* Book.swift in Sources */ = {isa = PBXBuildFile; fileRef = F6B2F31D2B84A1F000A981C2 /* Book.swift */; };
		F6B2F3202B84A40500A981C2 /* Movie.swift in Sources */ = {isa = PBXBuildFile; fileRef = F6B2F31F2B84A40500A981C2 /* Movie.swift */; };
		F6B2F3222B84A43500A981C2 /* MediaContent.swift in Sources */ = {isa = PBXBuildFile; fileRef = F6B2F3212B84A43500A981C2 /* MediaContent.swift */; };
		F6B2F3242B84A61C00A981C2 /* Series.swift in Sources */ = {isa = PBXBuildFile; fileRef = F6B2F3232B84A61C00A981C2 /* Series.swift */; };
		F6B2F32C2B84ABEE00A981C2 /* TabBar.swift in Sources */ = {isa = PBXBuildFile; fileRef = F6B2F32B2B84ABEE00A981C2 /* TabBar.swift */; };
		F6B2F32F2B84AC1400A981C2 /* TabBarButton.swift in Sources */ = {isa = PBXBuildFile; fileRef = F6B2F32E2B84AC1400A981C2 /* TabBarButton.swift */; };
		F6B2F3322B84ACBB00A981C2 /* CGFloat.swift in Sources */ = {isa = PBXBuildFile; fileRef = F6B2F3312B84ACBB00A981C2 /* CGFloat.swift */; };
		F6B2F3362B84B2C400A981C2 /* Color.swift in Sources */ = {isa = PBXBuildFile; fileRef = F6B2F3352B84B2C400A981C2 /* Color.swift */; };
		F6B2F33B2B84B42900A981C2 /* ContentScreen.swift in Sources */ = {isa = PBXBuildFile; fileRef = F6B2F33A2B84B42900A981C2 /* ContentScreen.swift */; };
		F6B2F33D2B84B97B00A981C2 /* ContentCategories.swift in Sources */ = {isa = PBXBuildFile; fileRef = F6B2F33C2B84B97B00A981C2 /* ContentCategories.swift */; };
		F6B2F33F2B84BB6C00A981C2 /* ContentViewModel.swift in Sources */ = {isa = PBXBuildFile; fileRef = F6B2F33E2B84BB6C00A981C2 /* ContentViewModel.swift */; };
		F6B2F3432B85F93A00A981C2 /* NavigationViewModel.swift in Sources */ = {isa = PBXBuildFile; fileRef = F6B2F3422B85F93A00A981C2 /* NavigationViewModel.swift */; };
		F6B2F3452B860B1900A981C2 /* SettingsScreen.swift in Sources */ = {isa = PBXBuildFile; fileRef = F6B2F3442B860B1900A981C2 /* SettingsScreen.swift */; };
		F6B2F34A2B86286A00A981C2 /* NoContentSection.swift in Sources */ = {isa = PBXBuildFile; fileRef = F6B2F3492B86286A00A981C2 /* NoContentSection.swift */; };
		F6B2F34D2B862CB200A981C2 /* Header.swift in Sources */ = {isa = PBXBuildFile; fileRef = F6B2F34C2B862CB200A981C2 /* Header.swift */; };
		F6B693E32BEBCBED0085A1E3 /* MovieItem.swift in Sources */ = {isa = PBXBuildFile; fileRef = F6B693E22BEBCBED0085A1E3 /* MovieItem.swift */; };
		F6B693E52BEBCCC80085A1E3 /* SeriesItem.swift in Sources */ = {isa = PBXBuildFile; fileRef = F6B693E42BEBCCC80085A1E3 /* SeriesItem.swift */; };
		F6B693E72BEBCE340085A1E3 /* EditMovieContent.swift in Sources */ = {isa = PBXBuildFile; fileRef = F6B693E62BEBCE340085A1E3 /* EditMovieContent.swift */; };
		F6B693E92BEBCEC20085A1E3 /* RatingEditor.swift in Sources */ = {isa = PBXBuildFile; fileRef = F6B693E82BEBCEC20085A1E3 /* RatingEditor.swift */; };
		F6B693EB2BEBD0070085A1E3 /* EditSeriesContent.swift in Sources */ = {isa = PBXBuildFile; fileRef = F6B693EA2BEBD0070085A1E3 /* EditSeriesContent.swift */; };
		F6B693ED2BEBD5530085A1E3 /* ContentSwitch.swift in Sources */ = {isa = PBXBuildFile; fileRef = F6B693EC2BEBD5530085A1E3 /* ContentSwitch.swift */; };
		F6B693EF2BEBD88F0085A1E3 /* ContentSheetHeader.swift in Sources */ = {isa = PBXBuildFile; fileRef = F6B693EE2BEBD88F0085A1E3 /* ContentSheetHeader.swift */; };
		F6B693F12BEBF4E20085A1E3 /* MainScrollViewModifier.swift in Sources */ = {isa = PBXBuildFile; fileRef = F6B693F02BEBF4E20085A1E3 /* MainScrollViewModifier.swift */; };
		F6B693F32BEBF6EB0085A1E3 /* TabBarModifier.swift in Sources */ = {isa = PBXBuildFile; fileRef = F6B693F22BEBF6EB0085A1E3 /* TabBarModifier.swift */; };
		F6C1A6C12BECBE380008F236 /* DeleteButton.swift in Sources */ = {isa = PBXBuildFile; fileRef = F6C1A6C02BECBE380008F236 /* DeleteButton.swift */; };
		F6C1A6C42BECC07D0008F236 /* ResetSection.swift in Sources */ = {isa = PBXBuildFile; fileRef = F6C1A6C32BECC07D0008F236 /* ResetSection.swift */; };
		F6C1A6C62BECC4620008F236 /* FavButton.swift in Sources */ = {isa = PBXBuildFile; fileRef = F6C1A6C52BECC4620008F236 /* FavButton.swift */; };
		F6C1A6C82BECD5510008F236 /* BackupSection.swift in Sources */ = {isa = PBXBuildFile; fileRef = F6C1A6C72BECD5510008F236 /* BackupSection.swift */; };
		F6C1A6CD2BECD9B00008F236 /* LoadingDialog.swift in Sources */ = {isa = PBXBuildFile; fileRef = F6C1A6CC2BECD9B00008F236 /* LoadingDialog.swift */; };
		F6D233A32BF0BE1B00AC307A /* ContentSheet.swift in Sources */ = {isa = PBXBuildFile; fileRef = F6D233A22BF0BE1B00AC307A /* ContentSheet.swift */; };
		F6D233A62BF0CD1F00AC307A /* PreferenceKeys.swift in Sources */ = {isa = PBXBuildFile; fileRef = F6D233A52BF0CD1F00AC307A /* PreferenceKeys.swift */; };
		F6D233A82BF0D44400AC307A /* ErrorDialog.swift in Sources */ = {isa = PBXBuildFile; fileRef = F6D233A72BF0D44400AC307A /* ErrorDialog.swift */; };
		F6D233AA2BF0D46600AC307A /* Dialog.swift in Sources */ = {isa = PBXBuildFile; fileRef = F6D233A92BF0D46600AC307A /* Dialog.swift */; };
		F6D233AC2BF11EA500AC307A /* SheetManager.swift in Sources */ = {isa = PBXBuildFile; fileRef = F6D233AB2BF11EA500AC307A /* SheetManager.swift */; };
		F6D233AE2BF11EF900AC307A /* CSVInfoSheet.swift in Sources */ = {isa = PBXBuildFile; fileRef = F6D233AD2BF11EF900AC307A /* CSVInfoSheet.swift */; };
		F6D233B12BF121D300AC307A /* Center.swift in Sources */ = {isa = PBXBuildFile; fileRef = F6D233B02BF121D300AC307A /* Center.swift */; };
		F6DC1C592BF4E414003D44EC /* NewButton.swift in Sources */ = {isa = PBXBuildFile; fileRef = F6DC1C582BF4E414003D44EC /* NewButton.swift */; };
		F6DC1C5B2BF4E72C003D44EC /* ForEachCategory.swift in Sources */ = {isa = PBXBuildFile; fileRef = F6DC1C5A2BF4E72C003D44EC /* ForEachCategory.swift */; };
		F6DCC5A62C2C3BFD00BD2C33 /* ThumbnailContent.swift in Sources */ = {isa = PBXBuildFile; fileRef = F6DCC5A52C2C3BFD00BD2C33 /* ThumbnailContent.swift */; };
		F6E12C812C2CA0A9009304A1 /* YearButton.swift in Sources */ = {isa = PBXBuildFile; fileRef = F6E12C802C2CA0A9009304A1 /* YearButton.swift */; };
		F6E1B77B2BF8A88A00E6D64B /* ContentScreenViewModel.swift in Sources */ = {isa = PBXBuildFile; fileRef = F6E1B77A2BF8A88A00E6D64B /* ContentScreenViewModel.swift */; };
		F6E1B77D2BF8B2D100E6D64B /* SearchFieldViewModifier.swift in Sources */ = {isa = PBXBuildFile; fileRef = F6E1B77C2BF8B2D100E6D64B /* SearchFieldViewModifier.swift */; };
		F6E1B77F2BF8DA5D00E6D64B /* View.swift in Sources */ = {isa = PBXBuildFile; fileRef = F6E1B77E2BF8DA5D00E6D64B /* View.swift */; };
		F6E1B7812BF8F7F100E6D64B /* Array.swift in Sources */ = {isa = PBXBuildFile; fileRef = F6E1B7802BF8F7F100E6D64B /* Array.swift */; };
		F6F5ABF62BF21742001BA30D /* InfoDialog.swift in Sources */ = {isa = PBXBuildFile; fileRef = F6F5ABF52BF21742001BA30D /* InfoDialog.swift */; };
		F6F5ABF82BF24CE9001BA30D /* ThemeSection.swift in Sources */ = {isa = PBXBuildFile; fileRef = F6F5ABF72BF24CE9001BA30D /* ThemeSection.swift */; };
		F6F5ABFA2BF258D3001BA30D /* SettingsViewModel.swift in Sources */ = {isa = PBXBuildFile; fileRef = F6F5ABF92BF258D3001BA30D /* SettingsViewModel.swift */; };
		F6F5ABFC2BF25C2D001BA30D /* ApplyColorSchemeApplyColorSchemeViewModifier.swift in Sources */ = {isa = PBXBuildFile; fileRef = F6F5ABFB2BF25C2D001BA30D /* ApplyColorSchemeApplyColorSchemeViewModifier.swift */; };
		F6F5ABFF2BF26052001BA30D /* ApplyAccentColorViewModifier.swift in Sources */ = {isa = PBXBuildFile; fileRef = F6F5ABFE2BF26052001BA30D /* ApplyAccentColorViewModifier.swift */; };
/* End PBXBuildFile section */

/* Begin PBXFileReference section */
		F62FC8A22C30049A00B9AD73 /* MainHeader.swift */ = {isa = PBXFileReference; lastKnownFileType = sourcecode.swift; path = MainHeader.swift; sourceTree = "<group>"; };
		F6457A942B9129270059C38C /* Spacing.swift */ = {isa = PBXFileReference; lastKnownFileType = sourcecode.swift; path = Spacing.swift; sourceTree = "<group>"; };
		F653B1532BEB875D00913973 /* EditBookContent.swift */ = {isa = PBXFileReference; lastKnownFileType = sourcecode.swift; path = EditBookContent.swift; sourceTree = "<group>"; };
		F653B1562BEB8AC700913973 /* CustomTextField.swift */ = {isa = PBXFileReference; lastKnownFileType = sourcecode.swift; path = CustomTextField.swift; sourceTree = "<group>"; };
		F653B1582BEB900B00913973 /* CustomDateField.swift */ = {isa = PBXFileReference; lastKnownFileType = sourcecode.swift; path = CustomDateField.swift; sourceTree = "<group>"; };
		F653B15A2BEBA82D00913973 /* IsFavoriteToggle.swift */ = {isa = PBXFileReference; lastKnownFileType = sourcecode.swift; path = IsFavoriteToggle.swift; sourceTree = "<group>"; };
		F653B15D2BEBAC1700913973 /* BookItem.swift */ = {isa = PBXFileReference; lastKnownFileType = sourcecode.swift; path = BookItem.swift; sourceTree = "<group>"; };
		F653B15F2BEBB06C00913973 /* ContentItem.swift */ = {isa = PBXFileReference; lastKnownFileType = sourcecode.swift; path = ContentItem.swift; sourceTree = "<group>"; };
		F65B46692C004F47000923CC /* LinkContent.swift */ = {isa = PBXFileReference; lastKnownFileType = sourcecode.swift; path = LinkContent.swift; sourceTree = "<group>"; };
		F65B466B2C0052D4000923CC /* HeroMovieContent.swift */ = {isa = PBXFileReference; lastKnownFileType = sourcecode.swift; path = HeroMovieContent.swift; sourceTree = "<group>"; };
		F65B466D2C0054E6000923CC /* RatingContent.swift */ = {isa = PBXFileReference; lastKnownFileType = sourcecode.swift; path = RatingContent.swift; sourceTree = "<group>"; };
		F65B466F2C005573000923CC /* HeroSeriesContent.swift */ = {isa = PBXFileReference; lastKnownFileType = sourcecode.swift; path = HeroSeriesContent.swift; sourceTree = "<group>"; };
		F65B46712C005728000923CC /* IMDbContent.swift */ = {isa = PBXFileReference; lastKnownFileType = sourcecode.swift; path = IMDbContent.swift; sourceTree = "<group>"; };
		F6667DB82C31451D00F52C68 /* SwipeToSettingsModifier.swift */ = {isa = PBXFileReference; lastKnownFileType = sourcecode.swift; path = SwipeToSettingsModifier.swift; sourceTree = "<group>"; };
		F6667DBA2C314D8D00F52C68 /* PersonalizationSection.swift */ = {isa = PBXFileReference; lastKnownFileType = sourcecode.swift; path = PersonalizationSection.swift; sourceTree = "<group>"; };
		F66F553F2B8A068F00C29AB0 /* MainView.swift */ = {isa = PBXFileReference; lastKnownFileType = sourcecode.swift; path = MainView.swift; sourceTree = "<group>"; };
		F66F55412B8A074200C29AB0 /* SharedModelContainer.swift */ = {isa = PBXFileReference; lastKnownFileType = sourcecode.swift; path = SharedModelContainer.swift; sourceTree = "<group>"; };
		F66F55432B8A1DE400C29AB0 /* BackupManager.swift */ = {isa = PBXFileReference; lastKnownFileType = sourcecode.swift; path = BackupManager.swift; sourceTree = "<group>"; };
		F66F55452B8A36A100C29AB0 /* Date.swift */ = {isa = PBXFileReference; lastKnownFileType = sourcecode.swift; path = Date.swift; sourceTree = "<group>"; };
		F68E4EFC2BF9EF9400B32D63 /* ContentScreenHeader.swift */ = {isa = PBXFileReference; lastKnownFileType = sourcecode.swift; path = ContentScreenHeader.swift; sourceTree = "<group>"; };
		F68E4EFE2BF9F24D00B32D63 /* YearSelection.swift */ = {isa = PBXFileReference; lastKnownFileType = sourcecode.swift; path = YearSelection.swift; sourceTree = "<group>"; };
		F6912F892BFDDD0C00504B81 /* ContentHero.swift */ = {isa = PBXFileReference; lastKnownFileType = sourcecode.swift; path = ContentHero.swift; sourceTree = "<group>"; };
		F6912F8B2BFDE48000504B81 /* HeroBookContent.swift */ = {isa = PBXFileReference; lastKnownFileType = sourcecode.swift; path = HeroBookContent.swift; sourceTree = "<group>"; };
		F6912F8D2BFDE67D00504B81 /* ScrollView.swift */ = {isa = PBXFileReference; lastKnownFileType = sourcecode.swift; path = ScrollView.swift; sourceTree = "<group>"; };
		F6912F8F2BFDF16900504B81 /* WikipediaContent.swift */ = {isa = PBXFileReference; lastKnownFileType = sourcecode.swift; path = WikipediaContent.swift; sourceTree = "<group>"; };
		F6912F912BFE1E9F00504B81 /* String.swift */ = {isa = PBXFileReference; lastKnownFileType = sourcecode.swift; path = String.swift; sourceTree = "<group>"; };
		F6B2F3072B849B9300A981C2 /* WDIW.app */ = {isa = PBXFileReference; explicitFileType = wrapper.application; includeInIndex = 0; path = WDIW.app; sourceTree = BUILT_PRODUCTS_DIR; };
		F6B2F30A2B849B9300A981C2 /* WDIWApp.swift */ = {isa = PBXFileReference; lastKnownFileType = sourcecode.swift; path = WDIWApp.swift; sourceTree = "<group>"; };
		F6B2F3102B849B9400A981C2 /* Assets.xcassets */ = {isa = PBXFileReference; lastKnownFileType = folder.assetcatalog; path = Assets.xcassets; sourceTree = "<group>"; };
		F6B2F3132B849B9400A981C2 /* Preview Assets.xcassets */ = {isa = PBXFileReference; lastKnownFileType = folder.assetcatalog; path = "Preview Assets.xcassets"; sourceTree = "<group>"; };
		F6B2F31D2B84A1F000A981C2 /* Book.swift */ = {isa = PBXFileReference; lastKnownFileType = sourcecode.swift; path = Book.swift; sourceTree = "<group>"; };
		F6B2F31F2B84A40500A981C2 /* Movie.swift */ = {isa = PBXFileReference; lastKnownFileType = sourcecode.swift; path = Movie.swift; sourceTree = "<group>"; };
		F6B2F3212B84A43500A981C2 /* MediaContent.swift */ = {isa = PBXFileReference; lastKnownFileType = sourcecode.swift; path = MediaContent.swift; sourceTree = "<group>"; };
		F6B2F3232B84A61C00A981C2 /* Series.swift */ = {isa = PBXFileReference; lastKnownFileType = sourcecode.swift; path = Series.swift; sourceTree = "<group>"; };
		F6B2F32B2B84ABEE00A981C2 /* TabBar.swift */ = {isa = PBXFileReference; lastKnownFileType = sourcecode.swift; path = TabBar.swift; sourceTree = "<group>"; };
		F6B2F32E2B84AC1400A981C2 /* TabBarButton.swift */ = {isa = PBXFileReference; lastKnownFileType = sourcecode.swift; path = TabBarButton.swift; sourceTree = "<group>"; };
		F6B2F3312B84ACBB00A981C2 /* CGFloat.swift */ = {isa = PBXFileReference; lastKnownFileType = sourcecode.swift; path = CGFloat.swift; sourceTree = "<group>"; };
		F6B2F3352B84B2C400A981C2 /* Color.swift */ = {isa = PBXFileReference; lastKnownFileType = sourcecode.swift; path = Color.swift; sourceTree = "<group>"; };
		F6B2F33A2B84B42900A981C2 /* ContentScreen.swift */ = {isa = PBXFileReference; lastKnownFileType = sourcecode.swift; path = ContentScreen.swift; sourceTree = "<group>"; };
		F6B2F33C2B84B97B00A981C2 /* ContentCategories.swift */ = {isa = PBXFileReference; lastKnownFileType = sourcecode.swift; path = ContentCategories.swift; sourceTree = "<group>"; };
		F6B2F33E2B84BB6C00A981C2 /* ContentViewModel.swift */ = {isa = PBXFileReference; lastKnownFileType = sourcecode.swift; path = ContentViewModel.swift; sourceTree = "<group>"; };
		F6B2F3422B85F93A00A981C2 /* NavigationViewModel.swift */ = {isa = PBXFileReference; lastKnownFileType = sourcecode.swift; path = NavigationViewModel.swift; sourceTree = "<group>"; };
		F6B2F3442B860B1900A981C2 /* SettingsScreen.swift */ = {isa = PBXFileReference; lastKnownFileType = sourcecode.swift; path = SettingsScreen.swift; sourceTree = "<group>"; };
		F6B2F3492B86286A00A981C2 /* NoContentSection.swift */ = {isa = PBXFileReference; lastKnownFileType = sourcecode.swift; path = NoContentSection.swift; sourceTree = "<group>"; };
		F6B2F34C2B862CB200A981C2 /* Header.swift */ = {isa = PBXFileReference; lastKnownFileType = sourcecode.swift; path = Header.swift; sourceTree = "<group>"; };
		F6B693E22BEBCBED0085A1E3 /* MovieItem.swift */ = {isa = PBXFileReference; lastKnownFileType = sourcecode.swift; path = MovieItem.swift; sourceTree = "<group>"; };
		F6B693E42BEBCCC80085A1E3 /* SeriesItem.swift */ = {isa = PBXFileReference; lastKnownFileType = sourcecode.swift; path = SeriesItem.swift; sourceTree = "<group>"; };
		F6B693E62BEBCE340085A1E3 /* EditMovieContent.swift */ = {isa = PBXFileReference; lastKnownFileType = sourcecode.swift; path = EditMovieContent.swift; sourceTree = "<group>"; };
		F6B693E82BEBCEC20085A1E3 /* RatingEditor.swift */ = {isa = PBXFileReference; lastKnownFileType = sourcecode.swift; path = RatingEditor.swift; sourceTree = "<group>"; };
		F6B693EA2BEBD0070085A1E3 /* EditSeriesContent.swift */ = {isa = PBXFileReference; lastKnownFileType = sourcecode.swift; path = EditSeriesContent.swift; sourceTree = "<group>"; };
		F6B693EC2BEBD5530085A1E3 /* ContentSwitch.swift */ = {isa = PBXFileReference; lastKnownFileType = sourcecode.swift; path = ContentSwitch.swift; sourceTree = "<group>"; };
		F6B693EE2BEBD88F0085A1E3 /* ContentSheetHeader.swift */ = {isa = PBXFileReference; lastKnownFileType = sourcecode.swift; path = ContentSheetHeader.swift; sourceTree = "<group>"; };
		F6B693F02BEBF4E20085A1E3 /* MainScrollViewModifier.swift */ = {isa = PBXFileReference; lastKnownFileType = sourcecode.swift; path = MainScrollViewModifier.swift; sourceTree = "<group>"; };
		F6B693F22BEBF6EB0085A1E3 /* TabBarModifier.swift */ = {isa = PBXFileReference; lastKnownFileType = sourcecode.swift; path = TabBarModifier.swift; sourceTree = "<group>"; };
		F6C1A6C02BECBE380008F236 /* DeleteButton.swift */ = {isa = PBXFileReference; lastKnownFileType = sourcecode.swift; path = DeleteButton.swift; sourceTree = "<group>"; };
		F6C1A6C32BECC07D0008F236 /* ResetSection.swift */ = {isa = PBXFileReference; lastKnownFileType = sourcecode.swift; path = ResetSection.swift; sourceTree = "<group>"; };
		F6C1A6C52BECC4620008F236 /* FavButton.swift */ = {isa = PBXFileReference; lastKnownFileType = sourcecode.swift; path = FavButton.swift; sourceTree = "<group>"; };
		F6C1A6C72BECD5510008F236 /* BackupSection.swift */ = {isa = PBXFileReference; lastKnownFileType = sourcecode.swift; path = BackupSection.swift; sourceTree = "<group>"; };
		F6C1A6CC2BECD9B00008F236 /* LoadingDialog.swift */ = {isa = PBXFileReference; lastKnownFileType = sourcecode.swift; path = LoadingDialog.swift; sourceTree = "<group>"; };
		F6D233A22BF0BE1B00AC307A /* ContentSheet.swift */ = {isa = PBXFileReference; lastKnownFileType = sourcecode.swift; path = ContentSheet.swift; sourceTree = "<group>"; };
		F6D233A52BF0CD1F00AC307A /* PreferenceKeys.swift */ = {isa = PBXFileReference; lastKnownFileType = sourcecode.swift; path = PreferenceKeys.swift; sourceTree = "<group>"; };
		F6D233A72BF0D44400AC307A /* ErrorDialog.swift */ = {isa = PBXFileReference; lastKnownFileType = sourcecode.swift; path = ErrorDialog.swift; sourceTree = "<group>"; };
		F6D233A92BF0D46600AC307A /* Dialog.swift */ = {isa = PBXFileReference; lastKnownFileType = sourcecode.swift; path = Dialog.swift; sourceTree = "<group>"; };
		F6D233AB2BF11EA500AC307A /* SheetManager.swift */ = {isa = PBXFileReference; lastKnownFileType = sourcecode.swift; path = SheetManager.swift; sourceTree = "<group>"; };
		F6D233AD2BF11EF900AC307A /* CSVInfoSheet.swift */ = {isa = PBXFileReference; lastKnownFileType = sourcecode.swift; path = CSVInfoSheet.swift; sourceTree = "<group>"; };
		F6D233B02BF121D300AC307A /* Center.swift */ = {isa = PBXFileReference; lastKnownFileType = sourcecode.swift; path = Center.swift; sourceTree = "<group>"; };
		F6DC1C582BF4E414003D44EC /* NewButton.swift */ = {isa = PBXFileReference; lastKnownFileType = sourcecode.swift; path = NewButton.swift; sourceTree = "<group>"; };
		F6DC1C5A2BF4E72C003D44EC /* ForEachCategory.swift */ = {isa = PBXFileReference; lastKnownFileType = sourcecode.swift; path = ForEachCategory.swift; sourceTree = "<group>"; };
		F6DCC5A52C2C3BFD00BD2C33 /* ThumbnailContent.swift */ = {isa = PBXFileReference; lastKnownFileType = sourcecode.swift; path = ThumbnailContent.swift; sourceTree = "<group>"; };
		F6E12C802C2CA0A9009304A1 /* YearButton.swift */ = {isa = PBXFileReference; lastKnownFileType = sourcecode.swift; path = YearButton.swift; sourceTree = "<group>"; };
		F6E1B77A2BF8A88A00E6D64B /* ContentScreenViewModel.swift */ = {isa = PBXFileReference; lastKnownFileType = sourcecode.swift; path = ContentScreenViewModel.swift; sourceTree = "<group>"; };
		F6E1B77C2BF8B2D100E6D64B /* SearchFieldViewModifier.swift */ = {isa = PBXFileReference; lastKnownFileType = sourcecode.swift; path = SearchFieldViewModifier.swift; sourceTree = "<group>"; };
		F6E1B77E2BF8DA5D00E6D64B /* View.swift */ = {isa = PBXFileReference; lastKnownFileType = sourcecode.swift; path = View.swift; sourceTree = "<group>"; };
		F6E1B7802BF8F7F100E6D64B /* Array.swift */ = {isa = PBXFileReference; lastKnownFileType = sourcecode.swift; path = Array.swift; sourceTree = "<group>"; };
		F6F5ABF52BF21742001BA30D /* InfoDialog.swift */ = {isa = PBXFileReference; lastKnownFileType = sourcecode.swift; path = InfoDialog.swift; sourceTree = "<group>"; };
		F6F5ABF72BF24CE9001BA30D /* ThemeSection.swift */ = {isa = PBXFileReference; lastKnownFileType = sourcecode.swift; path = ThemeSection.swift; sourceTree = "<group>"; };
		F6F5ABF92BF258D3001BA30D /* SettingsViewModel.swift */ = {isa = PBXFileReference; lastKnownFileType = sourcecode.swift; path = SettingsViewModel.swift; sourceTree = "<group>"; };
		F6F5ABFB2BF25C2D001BA30D /* ApplyColorSchemeApplyColorSchemeViewModifier.swift */ = {isa = PBXFileReference; lastKnownFileType = sourcecode.swift; path = ApplyColorSchemeApplyColorSchemeViewModifier.swift; sourceTree = "<group>"; };
		F6F5ABFE2BF26052001BA30D /* ApplyAccentColorViewModifier.swift */ = {isa = PBXFileReference; lastKnownFileType = sourcecode.swift; path = ApplyAccentColorViewModifier.swift; sourceTree = "<group>"; };
/* End PBXFileReference section */

/* Begin PBXFrameworksBuildPhase section */
		F6B2F3042B849B9300A981C2 /* Frameworks */ = {
			isa = PBXFrameworksBuildPhase;
			buildActionMask = 2147483647;
			files = (
			);
			runOnlyForDeploymentPostprocessing = 0;
		};
/* End PBXFrameworksBuildPhase section */

/* Begin PBXGroup section */
		F653B1552BEB8AB600913973 /* Editor */ = {
			isa = PBXGroup;
			children = (
				F653B1562BEB8AC700913973 /* CustomTextField.swift */,
				F653B1582BEB900B00913973 /* CustomDateField.swift */,
				F653B15A2BEBA82D00913973 /* IsFavoriteToggle.swift */,
				F6B693E82BEBCEC20085A1E3 /* RatingEditor.swift */,
				F6E1B77C2BF8B2D100E6D64B /* SearchFieldViewModifier.swift */,
			);
			path = Editor;
			sourceTree = "<group>";
		};
		F653B15C2BEBAC0700913973 /* ContentItems */ = {
			isa = PBXGroup;
			children = (
				F653B15F2BEBB06C00913973 /* ContentItem.swift */,
				F653B15D2BEBAC1700913973 /* BookItem.swift */,
				F6B693E22BEBCBED0085A1E3 /* MovieItem.swift */,
				F6B693E42BEBCCC80085A1E3 /* SeriesItem.swift */,
			);
			path = ContentItems;
			sourceTree = "<group>";
		};
		F6912F882BFDDCFE00504B81 /* ContentHero */ = {
			isa = PBXGroup;
			children = (
				F6912F892BFDDD0C00504B81 /* ContentHero.swift */,
				F6912F8B2BFDE48000504B81 /* HeroBookContent.swift */,
				F65B466B2C0052D4000923CC /* HeroMovieContent.swift */,
				F6912F8F2BFDF16900504B81 /* WikipediaContent.swift */,
				F65B46692C004F47000923CC /* LinkContent.swift */,
				F65B466F2C005573000923CC /* HeroSeriesContent.swift */,
				F65B46712C005728000923CC /* IMDbContent.swift */,
				F6DCC5A52C2C3BFD00BD2C33 /* ThumbnailContent.swift */,
			);
			path = ContentHero;
			sourceTree = "<group>";
		};
		F6B2F2FE2B849B9300A981C2 = {
			isa = PBXGroup;
			children = (
				F6B2F3092B849B9300A981C2 /* WDIW */,
				F6B2F3082B849B9300A981C2 /* Products */,
			);
			sourceTree = "<group>";
		};
		F6B2F3082B849B9300A981C2 /* Products */ = {
			isa = PBXGroup;
			children = (
				F6B2F3072B849B9300A981C2 /* WDIW.app */,
			);
			name = Products;
			sourceTree = "<group>";
		};
		F6B2F3092B849B9300A981C2 /* WDIW */ = {
			isa = PBXGroup;
			children = (
				F6B2F3332B84B28B00A981C2 /* Resources */,
				F6B2F31C2B849BD300A981C2 /* Data */,
				F6B2F31A2B849BBE00A981C2 /* ViewModel */,
				F6B2F31B2B849BC600A981C2 /* View */,
				F6B2F30A2B849B9300A981C2 /* WDIWApp.swift */,
				F6B2F3122B849B9400A981C2 /* Preview Content */,
			);
			path = WDIW;
			sourceTree = "<group>";
		};
		F6B2F3122B849B9400A981C2 /* Preview Content */ = {
			isa = PBXGroup;
			children = (
				F6B2F3132B849B9400A981C2 /* Preview Assets.xcassets */,
			);
			path = "Preview Content";
			sourceTree = "<group>";
		};
		F6B2F31A2B849BBE00A981C2 /* ViewModel */ = {
			isa = PBXGroup;
			children = (
				F6DC1C5C2BF4E770003D44EC /* Data */,
				F6B2F33E2B84BB6C00A981C2 /* ContentViewModel.swift */,
				F6B2F3422B85F93A00A981C2 /* NavigationViewModel.swift */,
				F6F5ABF92BF258D3001BA30D /* SettingsViewModel.swift */,
				F6D233A52BF0CD1F00AC307A /* PreferenceKeys.swift */,
				F6E1B77A2BF8A88A00E6D64B /* ContentScreenViewModel.swift */,
			);
			path = ViewModel;
			sourceTree = "<group>";
		};
		F6B2F31B2B849BC600A981C2 /* View */ = {
			isa = PBXGroup;
			children = (
				F6D233A42BF0C1E700AC307A /* Screens */,
				F6B2F32D2B84AC0300A981C2 /* Components */,
			);
			path = View;
			sourceTree = "<group>";
		};
		F6B2F31C2B849BD300A981C2 /* Data */ = {
			isa = PBXGroup;
			children = (
				F6B2F3212B84A43500A981C2 /* MediaContent.swift */,
				F6B2F31D2B84A1F000A981C2 /* Book.swift */,
				F6B2F31F2B84A40500A981C2 /* Movie.swift */,
				F6B2F3232B84A61C00A981C2 /* Series.swift */,
				F66F55412B8A074200C29AB0 /* SharedModelContainer.swift */,
				F66F55432B8A1DE400C29AB0 /* BackupManager.swift */,
			);
			path = Data;
			sourceTree = "<group>";
		};
		F6B2F32D2B84AC0300A981C2 /* Components */ = {
			isa = PBXGroup;
			children = (
				F6F5ABFD2BF2603D001BA30D /* ThemeModifier */,
				F6D233AF2BF121B100AC307A /* Alignment */,
				F6C1A6CB2BECD9A00008F236 /* Dialogs */,
				F6C1A6BF2BECBE280008F236 /* Button */,
				F653B1552BEB8AB600913973 /* Editor */,
				F6B2F34B2B862C8800A981C2 /* Navigation */,
				F6B2F3302B84AC1700A981C2 /* TabBar */,
				F65B466D2C0054E6000923CC /* RatingContent.swift */,
			);
			path = Components;
			sourceTree = "<group>";
		};
		F6B2F3302B84AC1700A981C2 /* TabBar */ = {
			isa = PBXGroup;
			children = (
				F6B2F32B2B84ABEE00A981C2 /* TabBar.swift */,
				F6B2F32E2B84AC1400A981C2 /* TabBarButton.swift */,
				F6B693F22BEBF6EB0085A1E3 /* TabBarModifier.swift */,
			);
			path = TabBar;
			sourceTree = "<group>";
		};
		F6B2F3332B84B28B00A981C2 /* Resources */ = {
			isa = PBXGroup;
			children = (
				F6B2F3102B849B9400A981C2 /* Assets.xcassets */,
				F6B2F3342B84B2B500A981C2 /* Extensions */,
			);
			path = Resources;
			sourceTree = "<group>";
		};
		F6B2F3342B84B2B500A981C2 /* Extensions */ = {
			isa = PBXGroup;
			children = (
				F6B2F3312B84ACBB00A981C2 /* CGFloat.swift */,
				F6B2F3352B84B2C400A981C2 /* Color.swift */,
				F66F55452B8A36A100C29AB0 /* Date.swift */,
				F6457A942B9129270059C38C /* Spacing.swift */,
				F6E1B77E2BF8DA5D00E6D64B /* View.swift */,
				F6E1B7802BF8F7F100E6D64B /* Array.swift */,
				F6912F912BFE1E9F00504B81 /* String.swift */,
			);
			path = Extensions;
			sourceTree = "<group>";
		};
		F6B2F3392B84B41700A981C2 /* ContentScreens */ = {
			isa = PBXGroup;
			children = (
				F6E12C7F2C2CA098009304A1 /* YearSelection */,
				F6912F882BFDDCFE00504B81 /* ContentHero */,
				F653B15C2BEBAC0700913973 /* ContentItems */,
				F6B2F3462B861A5500A981C2 /* ContentSheet */,
				F6B2F33A2B84B42900A981C2 /* ContentScreen.swift */,
				F6B2F3492B86286A00A981C2 /* NoContentSection.swift */,
				F68E4EFC2BF9EF9400B32D63 /* ContentScreenHeader.swift */,
			);
			path = ContentScreens;
			sourceTree = "<group>";
		};
		F6B2F3462B861A5500A981C2 /* ContentSheet */ = {
			isa = PBXGroup;
			children = (
				F6DC1C5D2BF4EDF1003D44EC /* EditContent */,
				F6D233A22BF0BE1B00AC307A /* ContentSheet.swift */,
				F6B693EE2BEBD88F0085A1E3 /* ContentSheetHeader.swift */,
			);
			path = ContentSheet;
			sourceTree = "<group>";
		};
		F6B2F34B2B862C8800A981C2 /* Navigation */ = {
			isa = PBXGroup;
			children = (
				F6B2F34C2B862CB200A981C2 /* Header.swift */,
				F6B693EC2BEBD5530085A1E3 /* ContentSwitch.swift */,
				F6B693F02BEBF4E20085A1E3 /* MainScrollViewModifier.swift */,
				F6D233AB2BF11EA500AC307A /* SheetManager.swift */,
				F6DC1C5A2BF4E72C003D44EC /* ForEachCategory.swift */,
				F6912F8D2BFDE67D00504B81 /* ScrollView.swift */,
				F6667DB82C31451D00F52C68 /* SwipeToSettingsModifier.swift */,
			);
			path = Navigation;
			sourceTree = "<group>";
		};
		F6C1A6BF2BECBE280008F236 /* Button */ = {
			isa = PBXGroup;
			children = (
				F6C1A6C02BECBE380008F236 /* DeleteButton.swift */,
				F6C1A6C52BECC4620008F236 /* FavButton.swift */,
				F6DC1C582BF4E414003D44EC /* NewButton.swift */,
			);
			path = Button;
			sourceTree = "<group>";
		};
		F6C1A6C22BECC0240008F236 /* SettingsScreen */ = {
			isa = PBXGroup;
			children = (
				F6B2F3442B860B1900A981C2 /* SettingsScreen.swift */,
				F6C1A6C32BECC07D0008F236 /* ResetSection.swift */,
				F6C1A6C72BECD5510008F236 /* BackupSection.swift */,
				F6D233AD2BF11EF900AC307A /* CSVInfoSheet.swift */,
				F6F5ABF72BF24CE9001BA30D /* ThemeSection.swift */,
				F6667DBA2C314D8D00F52C68 /* PersonalizationSection.swift */,
			);
			path = SettingsScreen;
			sourceTree = "<group>";
		};
		F6C1A6CB2BECD9A00008F236 /* Dialogs */ = {
			isa = PBXGroup;
			children = (
				F6D233A92BF0D46600AC307A /* Dialog.swift */,
				F6C1A6CC2BECD9B00008F236 /* LoadingDialog.swift */,
				F6D233A72BF0D44400AC307A /* ErrorDialog.swift */,
				F6F5ABF52BF21742001BA30D /* InfoDialog.swift */,
			);
			path = Dialogs;
			sourceTree = "<group>";
		};
		F6D233A42BF0C1E700AC307A /* Screens */ = {
			isa = PBXGroup;
			children = (
				F62FC8A22C30049A00B9AD73 /* MainHeader.swift */,
				F66F553F2B8A068F00C29AB0 /* MainView.swift */,
				F6C1A6C22BECC0240008F236 /* SettingsScreen */,
				F6B2F3392B84B41700A981C2 /* ContentScreens */,
			);
			path = Screens;
			sourceTree = "<group>";
		};
		F6D233AF2BF121B100AC307A /* Alignment */ = {
			isa = PBXGroup;
			children = (
				F6D233B02BF121D300AC307A /* Center.swift */,
			);
			path = Alignment;
			sourceTree = "<group>";
		};
		F6DC1C5C2BF4E770003D44EC /* Data */ = {
			isa = PBXGroup;
			children = (
				F6B2F33C2B84B97B00A981C2 /* ContentCategories.swift */,
			);
			path = Data;
			sourceTree = "<group>";
		};
		F6DC1C5D2BF4EDF1003D44EC /* EditContent */ = {
			isa = PBXGroup;
			children = (
				F653B1532BEB875D00913973 /* EditBookContent.swift */,
				F6B693E62BEBCE340085A1E3 /* EditMovieContent.swift */,
				F6B693EA2BEBD0070085A1E3 /* EditSeriesContent.swift */,
			);
			path = EditContent;
			sourceTree = "<group>";
		};
		F6E12C7F2C2CA098009304A1 /* YearSelection */ = {
			isa = PBXGroup;
			children = (
				F68E4EFE2BF9F24D00B32D63 /* YearSelection.swift */,
				F6E12C802C2CA0A9009304A1 /* YearButton.swift */,
			);
			path = YearSelection;
			sourceTree = "<group>";
		};
		F6F5ABFD2BF2603D001BA30D /* ThemeModifier */ = {
			isa = PBXGroup;
			children = (
				F6F5ABFB2BF25C2D001BA30D /* ApplyColorSchemeApplyColorSchemeViewModifier.swift */,
				F6F5ABFE2BF26052001BA30D /* ApplyAccentColorViewModifier.swift */,
			);
			path = ThemeModifier;
			sourceTree = "<group>";
		};
/* End PBXGroup section */

/* Begin PBXNativeTarget section */
		F6B2F3062B849B9300A981C2 /* WDIW */ = {
			isa = PBXNativeTarget;
			buildConfigurationList = F6B2F3172B849B9400A981C2 /* Build configuration list for PBXNativeTarget "WDIW" */;
			buildPhases = (
				F6B2F3032B849B9300A981C2 /* Sources */,
				F6B2F3042B849B9300A981C2 /* Frameworks */,
				F6B2F3052B849B9300A981C2 /* Resources */,
			);
			buildRules = (
			);
			dependencies = (
			);
			name = WDIW;
			packageProductDependencies = (
			);
			productName = WDIW;
			productReference = F6B2F3072B849B9300A981C2 /* WDIW.app */;
			productType = "com.apple.product-type.application";
		};
/* End PBXNativeTarget section */

/* Begin PBXProject section */
		F6B2F2FF2B849B9300A981C2 /* Project object */ = {
			isa = PBXProject;
			attributes = {
				BuildIndependentTargetsInParallel = 1;
				LastSwiftUpdateCheck = 1520;
				LastUpgradeCheck = 1520;
				TargetAttributes = {
					F6B2F3062B849B9300A981C2 = {
						CreatedOnToolsVersion = 15.2;
					};
				};
			};
			buildConfigurationList = F6B2F3022B849B9300A981C2 /* Build configuration list for PBXProject "WDIW" */;
			compatibilityVersion = "Xcode 14.0";
			developmentRegion = en;
			hasScannedForEncodings = 0;
			knownRegions = (
				en,
				Base,
			);
			mainGroup = F6B2F2FE2B849B9300A981C2;
			packageReferences = (
			);
			productRefGroup = F6B2F3082B849B9300A981C2 /* Products */;
			projectDirPath = "";
			projectRoot = "";
			targets = (
				F6B2F3062B849B9300A981C2 /* WDIW */,
			);
		};
/* End PBXProject section */

/* Begin PBXResourcesBuildPhase section */
		F6B2F3052B849B9300A981C2 /* Resources */ = {
			isa = PBXResourcesBuildPhase;
			buildActionMask = 2147483647;
			files = (
				F6B2F3142B849B9400A981C2 /* Preview Assets.xcassets in Resources */,
				F6B2F3112B849B9400A981C2 /* Assets.xcassets in Resources */,
			);
			runOnlyForDeploymentPostprocessing = 0;
		};
/* End PBXResourcesBuildPhase section */

/* Begin PBXSourcesBuildPhase section */
		F6B2F3032B849B9300A981C2 /* Sources */ = {
			isa = PBXSourcesBuildPhase;
			buildActionMask = 2147483647;
			files = (
				F6B2F3432B85F93A00A981C2 /* NavigationViewModel.swift in Sources */,
				F6D233A62BF0CD1F00AC307A /* PreferenceKeys.swift in Sources */,
				F6667DBB2C314D8D00F52C68 /* PersonalizationSection.swift in Sources */,
				F6B2F34A2B86286A00A981C2 /* NoContentSection.swift in Sources */,
				F6F5ABF62BF21742001BA30D /* InfoDialog.swift in Sources */,
				F6D233A82BF0D44400AC307A /* ErrorDialog.swift in Sources */,
				F6D233B12BF121D300AC307A /* Center.swift in Sources */,
				F6D233A32BF0BE1B00AC307A /* ContentSheet.swift in Sources */,
				F6B2F33B2B84B42900A981C2 /* ContentScreen.swift in Sources */,
				F653B15E2BEBAC1700913973 /* BookItem.swift in Sources */,
				F6912F8E2BFDE67D00504B81 /* ScrollView.swift in Sources */,
				F66F55442B8A1DE400C29AB0 /* BackupManager.swift in Sources */,
				F653B1572BEB8AC700913973 /* CustomTextField.swift in Sources */,
				F6B2F31E2B84A1F000A981C2 /* Book.swift in Sources */,
				F6DC1C592BF4E414003D44EC /* NewButton.swift in Sources */,
				F65B466E2C0054E6000923CC /* RatingContent.swift in Sources */,
				F65B466C2C0052D4000923CC /* HeroMovieContent.swift in Sources */,
				F6E12C812C2CA0A9009304A1 /* YearButton.swift in Sources */,
				F6C1A6C62BECC4620008F236 /* FavButton.swift in Sources */,
				F65B46722C005728000923CC /* IMDbContent.swift in Sources */,
				F6B2F33D2B84B97B00A981C2 /* ContentCategories.swift in Sources */,
				F6C1A6C82BECD5510008F236 /* BackupSection.swift in Sources */,
				F62FC8A32C30049A00B9AD73 /* MainHeader.swift in Sources */,
				F66F55422B8A074200C29AB0 /* SharedModelContainer.swift in Sources */,
				F6B693E72BEBCE340085A1E3 /* EditMovieContent.swift in Sources */,
				F6D233AE2BF11EF900AC307A /* CSVInfoSheet.swift in Sources */,
				F6B693E92BEBCEC20085A1E3 /* RatingEditor.swift in Sources */,
				F6B693E52BEBCCC80085A1E3 /* SeriesItem.swift in Sources */,
				F6B693EB2BEBD0070085A1E3 /* EditSeriesContent.swift in Sources */,
				F66F55462B8A36A100C29AB0 /* Date.swift in Sources */,
				F6B2F32F2B84AC1400A981C2 /* TabBarButton.swift in Sources */,
				F6F5ABFF2BF26052001BA30D /* ApplyAccentColorViewModifier.swift in Sources */,
				F6B2F30B2B849B9300A981C2 /* WDIWApp.swift in Sources */,
				F65B46702C005573000923CC /* HeroSeriesContent.swift in Sources */,
				F653B1542BEB875D00913973 /* EditBookContent.swift in Sources */,
				F6DC1C5B2BF4E72C003D44EC /* ForEachCategory.swift in Sources */,
				F6E1B77F2BF8DA5D00E6D64B /* View.swift in Sources */,
				F6912F8C2BFDE48000504B81 /* HeroBookContent.swift in Sources */,
				F6B693F12BEBF4E20085A1E3 /* MainScrollViewModifier.swift in Sources */,
				F6E1B77D2BF8B2D100E6D64B /* SearchFieldViewModifier.swift in Sources */,
				F6C1A6C42BECC07D0008F236 /* ResetSection.swift in Sources */,
				F6B2F3452B860B1900A981C2 /* SettingsScreen.swift in Sources */,
				F653B1592BEB900B00913973 /* CustomDateField.swift in Sources */,
				F68E4EFF2BF9F24D00B32D63 /* YearSelection.swift in Sources */,
				F653B1602BEBB06C00913973 /* ContentItem.swift in Sources */,
				F6912F8A2BFDDD0C00504B81 /* ContentHero.swift in Sources */,
				F6B2F3202B84A40500A981C2 /* Movie.swift in Sources */,
				F6B2F3362B84B2C400A981C2 /* Color.swift in Sources */,
				F653B15B2BEBA82D00913973 /* IsFavoriteToggle.swift in Sources */,
				F6B2F34D2B862CB200A981C2 /* Header.swift in Sources */,
				F6F5ABFC2BF25C2D001BA30D /* ApplyColorSchemeApplyColorSchemeViewModifier.swift in Sources */,
				F6E1B77B2BF8A88A00E6D64B /* ContentScreenViewModel.swift in Sources */,
				F6912F922BFE1E9F00504B81 /* String.swift in Sources */,
				F6B2F33F2B84BB6C00A981C2 /* ContentViewModel.swift in Sources */,
				F6B693EF2BEBD88F0085A1E3 /* ContentSheetHeader.swift in Sources */,
				F6B693F32BEBF6EB0085A1E3 /* TabBarModifier.swift in Sources */,
				F6C1A6C12BECBE380008F236 /* DeleteButton.swift in Sources */,
				F6B2F3322B84ACBB00A981C2 /* CGFloat.swift in Sources */,
				F6D233AA2BF0D46600AC307A /* Dialog.swift in Sources */,
				F6B693E32BEBCBED0085A1E3 /* MovieItem.swift in Sources */,
				F6667DB92C31451D00F52C68 /* SwipeToSettingsModifier.swift in Sources */,
				F6457A952B9129270059C38C /* Spacing.swift in Sources */,
				F65B466A2C004F48000923CC /* LinkContent.swift in Sources */,
				F68E4EFD2BF9EF9400B32D63 /* ContentScreenHeader.swift in Sources */,
				F66F55402B8A068F00C29AB0 /* MainView.swift in Sources */,
				F6B693ED2BEBD5530085A1E3 /* ContentSwitch.swift in Sources */,
				F6912F902BFDF16900504B81 /* WikipediaContent.swift in Sources */,
				F6B2F32C2B84ABEE00A981C2 /* TabBar.swift in Sources */,
				F6DCC5A62C2C3BFD00BD2C33 /* ThumbnailContent.swift in Sources */,
				F6C1A6CD2BECD9B00008F236 /* LoadingDialog.swift in Sources */,
				F6F5ABF82BF24CE9001BA30D /* ThemeSection.swift in Sources */,
				F6B2F3222B84A43500A981C2 /* MediaContent.swift in Sources */,
				F6B2F3242B84A61C00A981C2 /* Series.swift in Sources */,
				F6D233AC2BF11EA500AC307A /* SheetManager.swift in Sources */,
				F6F5ABFA2BF258D3001BA30D /* SettingsViewModel.swift in Sources */,
				F6E1B7812BF8F7F100E6D64B /* Array.swift in Sources */,
			);
			runOnlyForDeploymentPostprocessing = 0;
		};
/* End PBXSourcesBuildPhase section */

/* Begin XCBuildConfiguration section */
		F6B2F3152B849B9400A981C2 /* Debug */ = {
			isa = XCBuildConfiguration;
			buildSettings = {
				ALWAYS_SEARCH_USER_PATHS = NO;
				ASSETCATALOG_COMPILER_GENERATE_SWIFT_ASSET_SYMBOL_EXTENSIONS = YES;
				CLANG_ANALYZER_NONNULL = YES;
				CLANG_ANALYZER_NUMBER_OBJECT_CONVERSION = YES_AGGRESSIVE;
				CLANG_CXX_LANGUAGE_STANDARD = "gnu++20";
				CLANG_ENABLE_MODULES = YES;
				CLANG_ENABLE_OBJC_ARC = YES;
				CLANG_ENABLE_OBJC_WEAK = YES;
				CLANG_WARN_BLOCK_CAPTURE_AUTORELEASING = YES;
				CLANG_WARN_BOOL_CONVERSION = YES;
				CLANG_WARN_COMMA = YES;
				CLANG_WARN_CONSTANT_CONVERSION = YES;
				CLANG_WARN_DEPRECATED_OBJC_IMPLEMENTATIONS = YES;
				CLANG_WARN_DIRECT_OBJC_ISA_USAGE = YES_ERROR;
				CLANG_WARN_DOCUMENTATION_COMMENTS = YES;
				CLANG_WARN_EMPTY_BODY = YES;
				CLANG_WARN_ENUM_CONVERSION = YES;
				CLANG_WARN_INFINITE_RECURSION = YES;
				CLANG_WARN_INT_CONVERSION = YES;
				CLANG_WARN_NON_LITERAL_NULL_CONVERSION = YES;
				CLANG_WARN_OBJC_IMPLICIT_RETAIN_SELF = YES;
				CLANG_WARN_OBJC_LITERAL_CONVERSION = YES;
				CLANG_WARN_OBJC_ROOT_CLASS = YES_ERROR;
				CLANG_WARN_QUOTED_INCLUDE_IN_FRAMEWORK_HEADER = YES;
				CLANG_WARN_RANGE_LOOP_ANALYSIS = YES;
				CLANG_WARN_STRICT_PROTOTYPES = YES;
				CLANG_WARN_SUSPICIOUS_MOVE = YES;
				CLANG_WARN_UNGUARDED_AVAILABILITY = YES_AGGRESSIVE;
				CLANG_WARN_UNREACHABLE_CODE = YES;
				CLANG_WARN__DUPLICATE_METHOD_MATCH = YES;
				COPY_PHASE_STRIP = NO;
				DEBUG_INFORMATION_FORMAT = dwarf;
				ENABLE_STRICT_OBJC_MSGSEND = YES;
				ENABLE_TESTABILITY = YES;
				ENABLE_USER_SCRIPT_SANDBOXING = YES;
				GCC_C_LANGUAGE_STANDARD = gnu17;
				GCC_DYNAMIC_NO_PIC = NO;
				GCC_NO_COMMON_BLOCKS = YES;
				GCC_OPTIMIZATION_LEVEL = 0;
				GCC_PREPROCESSOR_DEFINITIONS = (
					"DEBUG=1",
					"$(inherited)",
				);
				GCC_WARN_64_TO_32_BIT_CONVERSION = YES;
				GCC_WARN_ABOUT_RETURN_TYPE = YES_ERROR;
				GCC_WARN_UNDECLARED_SELECTOR = YES;
				GCC_WARN_UNINITIALIZED_AUTOS = YES_AGGRESSIVE;
				GCC_WARN_UNUSED_FUNCTION = YES;
				GCC_WARN_UNUSED_VARIABLE = YES;
				IPHONEOS_DEPLOYMENT_TARGET = 17.2;
				LOCALIZATION_PREFERS_STRING_CATALOGS = YES;
				MTL_ENABLE_DEBUG_INFO = INCLUDE_SOURCE;
				MTL_FAST_MATH = YES;
				ONLY_ACTIVE_ARCH = YES;
				SDKROOT = iphoneos;
				SWIFT_ACTIVE_COMPILATION_CONDITIONS = "DEBUG $(inherited)";
				SWIFT_OPTIMIZATION_LEVEL = "-Onone";
			};
			name = Debug;
		};
		F6B2F3162B849B9400A981C2 /* Release */ = {
			isa = XCBuildConfiguration;
			buildSettings = {
				ALWAYS_SEARCH_USER_PATHS = NO;
				ASSETCATALOG_COMPILER_GENERATE_SWIFT_ASSET_SYMBOL_EXTENSIONS = YES;
				CLANG_ANALYZER_NONNULL = YES;
				CLANG_ANALYZER_NUMBER_OBJECT_CONVERSION = YES_AGGRESSIVE;
				CLANG_CXX_LANGUAGE_STANDARD = "gnu++20";
				CLANG_ENABLE_MODULES = YES;
				CLANG_ENABLE_OBJC_ARC = YES;
				CLANG_ENABLE_OBJC_WEAK = YES;
				CLANG_WARN_BLOCK_CAPTURE_AUTORELEASING = YES;
				CLANG_WARN_BOOL_CONVERSION = YES;
				CLANG_WARN_COMMA = YES;
				CLANG_WARN_CONSTANT_CONVERSION = YES;
				CLANG_WARN_DEPRECATED_OBJC_IMPLEMENTATIONS = YES;
				CLANG_WARN_DIRECT_OBJC_ISA_USAGE = YES_ERROR;
				CLANG_WARN_DOCUMENTATION_COMMENTS = YES;
				CLANG_WARN_EMPTY_BODY = YES;
				CLANG_WARN_ENUM_CONVERSION = YES;
				CLANG_WARN_INFINITE_RECURSION = YES;
				CLANG_WARN_INT_CONVERSION = YES;
				CLANG_WARN_NON_LITERAL_NULL_CONVERSION = YES;
				CLANG_WARN_OBJC_IMPLICIT_RETAIN_SELF = YES;
				CLANG_WARN_OBJC_LITERAL_CONVERSION = YES;
				CLANG_WARN_OBJC_ROOT_CLASS = YES_ERROR;
				CLANG_WARN_QUOTED_INCLUDE_IN_FRAMEWORK_HEADER = YES;
				CLANG_WARN_RANGE_LOOP_ANALYSIS = YES;
				CLANG_WARN_STRICT_PROTOTYPES = YES;
				CLANG_WARN_SUSPICIOUS_MOVE = YES;
				CLANG_WARN_UNGUARDED_AVAILABILITY = YES_AGGRESSIVE;
				CLANG_WARN_UNREACHABLE_CODE = YES;
				CLANG_WARN__DUPLICATE_METHOD_MATCH = YES;
				COPY_PHASE_STRIP = NO;
				DEBUG_INFORMATION_FORMAT = "dwarf-with-dsym";
				ENABLE_NS_ASSERTIONS = NO;
				ENABLE_STRICT_OBJC_MSGSEND = YES;
				ENABLE_USER_SCRIPT_SANDBOXING = YES;
				GCC_C_LANGUAGE_STANDARD = gnu17;
				GCC_NO_COMMON_BLOCKS = YES;
				GCC_WARN_64_TO_32_BIT_CONVERSION = YES;
				GCC_WARN_ABOUT_RETURN_TYPE = YES_ERROR;
				GCC_WARN_UNDECLARED_SELECTOR = YES;
				GCC_WARN_UNINITIALIZED_AUTOS = YES_AGGRESSIVE;
				GCC_WARN_UNUSED_FUNCTION = YES;
				GCC_WARN_UNUSED_VARIABLE = YES;
				IPHONEOS_DEPLOYMENT_TARGET = 17.2;
				LOCALIZATION_PREFERS_STRING_CATALOGS = YES;
				MTL_ENABLE_DEBUG_INFO = NO;
				MTL_FAST_MATH = YES;
				SDKROOT = iphoneos;
				SWIFT_COMPILATION_MODE = wholemodule;
				VALIDATE_PRODUCT = YES;
			};
			name = Release;
		};
		F6B2F3182B849B9400A981C2 /* Debug */ = {
			isa = XCBuildConfiguration;
			buildSettings = {
				ASSETCATALOG_COMPILER_APPICON_NAME = AppIcon;
				ASSETCATALOG_COMPILER_GLOBAL_ACCENT_COLOR_NAME = AccentColor;
				CODE_SIGN_STYLE = Automatic;
				CURRENT_PROJECT_VERSION = 1;
				DEVELOPMENT_ASSET_PATHS = "\"WDIW/Preview Content\"";
				DEVELOPMENT_TEAM = N58B57LHJQ;
				ENABLE_PREVIEWS = YES;
				GENERATE_INFOPLIST_FILE = YES;
				INFOPLIST_KEY_UIApplicationSceneManifest_Generation = YES;
				INFOPLIST_KEY_UIApplicationSupportsIndirectInputEvents = YES;
				INFOPLIST_KEY_UILaunchScreen_Generation = YES;
				INFOPLIST_KEY_UIStatusBarStyle = "";
				INFOPLIST_KEY_UISupportedInterfaceOrientations = UIInterfaceOrientationPortrait;
				INFOPLIST_KEY_UISupportedInterfaceOrientations_iPad = "UIInterfaceOrientationLandscapeLeft UIInterfaceOrientationLandscapeRight UIInterfaceOrientationPortrait UIInterfaceOrientationPortraitUpsideDown";
				LD_RUNPATH_SEARCH_PATHS = (
					"$(inherited)",
					"@executable_path/Frameworks",
				);
				MARKETING_VERSION = 1.0;
				PRODUCT_BUNDLE_IDENTIFIER = nvontrott.WDIW;
				PRODUCT_NAME = "$(TARGET_NAME)";
				SWIFT_EMIT_LOC_STRINGS = YES;
				SWIFT_VERSION = 5.0;
				TARGETED_DEVICE_FAMILY = "1,2";
			};
			name = Debug;
		};
		F6B2F3192B849B9400A981C2 /* Release */ = {
			isa = XCBuildConfiguration;
			buildSettings = {
				ASSETCATALOG_COMPILER_APPICON_NAME = AppIcon;
				ASSETCATALOG_COMPILER_GLOBAL_ACCENT_COLOR_NAME = AccentColor;
				CODE_SIGN_STYLE = Automatic;
				CURRENT_PROJECT_VERSION = 1;
				DEVELOPMENT_ASSET_PATHS = "\"WDIW/Preview Content\"";
				DEVELOPMENT_TEAM = N58B57LHJQ;
				ENABLE_PREVIEWS = YES;
				GENERATE_INFOPLIST_FILE = YES;
				INFOPLIST_KEY_UIApplicationSceneManifest_Generation = YES;
				INFOPLIST_KEY_UIApplicationSupportsIndirectInputEvents = YES;
				INFOPLIST_KEY_UILaunchScreen_Generation = YES;
				INFOPLIST_KEY_UIStatusBarStyle = "";
				INFOPLIST_KEY_UISupportedInterfaceOrientations = UIInterfaceOrientationPortrait;
				INFOPLIST_KEY_UISupportedInterfaceOrientations_iPad = "UIInterfaceOrientationLandscapeLeft UIInterfaceOrientationLandscapeRight UIInterfaceOrientationPortrait UIInterfaceOrientationPortraitUpsideDown";
				LD_RUNPATH_SEARCH_PATHS = (
					"$(inherited)",
					"@executable_path/Frameworks",
				);
				MARKETING_VERSION = 1.0;
				PRODUCT_BUNDLE_IDENTIFIER = nvontrott.WDIW;
				PRODUCT_NAME = "$(TARGET_NAME)";
				SWIFT_EMIT_LOC_STRINGS = YES;
				SWIFT_VERSION = 5.0;
				TARGETED_DEVICE_FAMILY = "1,2";
			};
			name = Release;
		};
/* End XCBuildConfiguration section */

/* Begin XCConfigurationList section */
		F6B2F3022B849B9300A981C2 /* Build configuration list for PBXProject "WDIW" */ = {
			isa = XCConfigurationList;
			buildConfigurations = (
				F6B2F3152B849B9400A981C2 /* Debug */,
				F6B2F3162B849B9400A981C2 /* Release */,
			);
			defaultConfigurationIsVisible = 0;
			defaultConfigurationName = Release;
		};
		F6B2F3172B849B9400A981C2 /* Build configuration list for PBXNativeTarget "WDIW" */ = {
			isa = XCConfigurationList;
			buildConfigurations = (
				F6B2F3182B849B9400A981C2 /* Debug */,
				F6B2F3192B849B9400A981C2 /* Release */,
			);
			defaultConfigurationIsVisible = 0;
			defaultConfigurationName = Release;
		};
/* End XCConfigurationList section */
	};
	rootObject = F6B2F2FF2B849B9300A981C2 /* Project object */;
}
