// !$*UTF8*$!
{
	archiveVersion = 1;
	classes = {
	};
	objectVersion = 56;
	objects = {

/* Begin PBXBuildFile section */
		F6B2F30B2B849B9300A981C2 /* WDIWApp.swift in Sources */ = {isa = PBXBuildFile; fileRef = F6B2F30A2B849B9300A981C2 /* WDIWApp.swift */; };
		F6B2F30D2B849B9300A981C2 /* ContentView.swift in Sources */ = {isa = PBXBuildFile; fileRef = F6B2F30C2B849B9300A981C2 /* ContentView.swift */; };
		F6B2F30F2B849B9300A981C2 /* Item.swift in Sources */ = {isa = PBXBuildFile; fileRef = F6B2F30E2B849B9300A981C2 /* Item.swift */; };
		F6B2F3112B849B9400A981C2 /* Assets.xcassets in Resources */ = {isa = PBXBuildFile; fileRef = F6B2F3102B849B9400A981C2 /* Assets.xcassets */; };
		F6B2F3142B849B9400A981C2 /* Preview Assets.xcassets in Resources */ = {isa = PBXBuildFile; fileRef = F6B2F3132B849B9400A981C2 /* Preview Assets.xcassets */; };
		F6B2F31E2B84A1F000A981C2 /* Book.swift in Sources */ = {isa = PBXBuildFile; fileRef = F6B2F31D2B84A1F000A981C2 /* Book.swift */; };
		F6B2F3202B84A40500A981C2 /* Movie.swift in Sources */ = {isa = PBXBuildFile; fileRef = F6B2F31F2B84A40500A981C2 /* Movie.swift */; };
		F6B2F3222B84A43500A981C2 /* MediaContent.swift in Sources */ = {isa = PBXBuildFile; fileRef = F6B2F3212B84A43500A981C2 /* MediaContent.swift */; };
		F6B2F3242B84A61C00A981C2 /* Series.swift in Sources */ = {isa = PBXBuildFile; fileRef = F6B2F3232B84A61C00A981C2 /* Series.swift */; };
		F6B2F3262B84AB7A00A981C2 /* MoviesScreen.swift in Sources */ = {isa = PBXBuildFile; fileRef = F6B2F3252B84AB7A00A981C2 /* MoviesScreen.swift */; };
		F6B2F3282B84AB8500A981C2 /* BooksScreen.swift in Sources */ = {isa = PBXBuildFile; fileRef = F6B2F3272B84AB8500A981C2 /* BooksScreen.swift */; };
		F6B2F32A2B84AB9600A981C2 /* SeriesScreen.swift in Sources */ = {isa = PBXBuildFile; fileRef = F6B2F3292B84AB9600A981C2 /* SeriesScreen.swift */; };
		F6B2F32C2B84ABEE00A981C2 /* TabBar.swift in Sources */ = {isa = PBXBuildFile; fileRef = F6B2F32B2B84ABEE00A981C2 /* TabBar.swift */; };
		F6B2F32F2B84AC1400A981C2 /* TabBarButton.swift in Sources */ = {isa = PBXBuildFile; fileRef = F6B2F32E2B84AC1400A981C2 /* TabBarButton.swift */; };
		F6B2F3322B84ACBB00A981C2 /* CGFloat.swift in Sources */ = {isa = PBXBuildFile; fileRef = F6B2F3312B84ACBB00A981C2 /* CGFloat.swift */; };
		F6B2F3362B84B2C400A981C2 /* Color.swift in Sources */ = {isa = PBXBuildFile; fileRef = F6B2F3352B84B2C400A981C2 /* Color.swift */; };
		F6B2F33B2B84B42900A981C2 /* ContentScreen.swift in Sources */ = {isa = PBXBuildFile; fileRef = F6B2F33A2B84B42900A981C2 /* ContentScreen.swift */; };
		F6B2F33D2B84B97B00A981C2 /* ContentCategories.swift in Sources */ = {isa = PBXBuildFile; fileRef = F6B2F33C2B84B97B00A981C2 /* ContentCategories.swift */; };
		F6B2F33F2B84BB6C00A981C2 /* ContentViewModel.swift in Sources */ = {isa = PBXBuildFile; fileRef = F6B2F33E2B84BB6C00A981C2 /* ContentViewModel.swift */; };
		F6B2F3432B85F93A00A981C2 /* NavigationViewModel.swift in Sources */ = {isa = PBXBuildFile; fileRef = F6B2F3422B85F93A00A981C2 /* NavigationViewModel.swift */; };
		F6B2F3452B860B1900A981C2 /* SettingsScreen.swift in Sources */ = {isa = PBXBuildFile; fileRef = F6B2F3442B860B1900A981C2 /* SettingsScreen.swift */; };
		F6B2F3482B861A7000A981C2 /* AddContentSheet.swift in Sources */ = {isa = PBXBuildFile; fileRef = F6B2F3472B861A7000A981C2 /* AddContentSheet.swift */; };
		F6B2F34A2B86286A00A981C2 /* NoContentSection.swift in Sources */ = {isa = PBXBuildFile; fileRef = F6B2F3492B86286A00A981C2 /* NoContentSection.swift */; };
		F6B2F34D2B862CB200A981C2 /* Header.swift in Sources */ = {isa = PBXBuildFile; fileRef = F6B2F34C2B862CB200A981C2 /* Header.swift */; };
/* End PBXBuildFile section */

/* Begin PBXFileReference section */
		F6B2F3072B849B9300A981C2 /* WDIW.app */ = {isa = PBXFileReference; explicitFileType = wrapper.application; includeInIndex = 0; path = WDIW.app; sourceTree = BUILT_PRODUCTS_DIR; };
		F6B2F30A2B849B9300A981C2 /* WDIWApp.swift */ = {isa = PBXFileReference; lastKnownFileType = sourcecode.swift; path = WDIWApp.swift; sourceTree = "<group>"; };
		F6B2F30C2B849B9300A981C2 /* ContentView.swift */ = {isa = PBXFileReference; lastKnownFileType = sourcecode.swift; path = ContentView.swift; sourceTree = "<group>"; };
		F6B2F30E2B849B9300A981C2 /* Item.swift */ = {isa = PBXFileReference; lastKnownFileType = sourcecode.swift; path = Item.swift; sourceTree = "<group>"; };
		F6B2F3102B849B9400A981C2 /* Assets.xcassets */ = {isa = PBXFileReference; lastKnownFileType = folder.assetcatalog; path = Assets.xcassets; sourceTree = "<group>"; };
		F6B2F3132B849B9400A981C2 /* Preview Assets.xcassets */ = {isa = PBXFileReference; lastKnownFileType = folder.assetcatalog; path = "Preview Assets.xcassets"; sourceTree = "<group>"; };
		F6B2F31D2B84A1F000A981C2 /* Book.swift */ = {isa = PBXFileReference; lastKnownFileType = sourcecode.swift; path = Book.swift; sourceTree = "<group>"; };
		F6B2F31F2B84A40500A981C2 /* Movie.swift */ = {isa = PBXFileReference; lastKnownFileType = sourcecode.swift; path = Movie.swift; sourceTree = "<group>"; };
		F6B2F3212B84A43500A981C2 /* MediaContent.swift */ = {isa = PBXFileReference; lastKnownFileType = sourcecode.swift; path = MediaContent.swift; sourceTree = "<group>"; };
		F6B2F3232B84A61C00A981C2 /* Series.swift */ = {isa = PBXFileReference; lastKnownFileType = sourcecode.swift; path = Series.swift; sourceTree = "<group>"; };
		F6B2F3252B84AB7A00A981C2 /* MoviesScreen.swift */ = {isa = PBXFileReference; lastKnownFileType = sourcecode.swift; path = MoviesScreen.swift; sourceTree = "<group>"; };
		F6B2F3272B84AB8500A981C2 /* BooksScreen.swift */ = {isa = PBXFileReference; lastKnownFileType = sourcecode.swift; path = BooksScreen.swift; sourceTree = "<group>"; };
		F6B2F3292B84AB9600A981C2 /* SeriesScreen.swift */ = {isa = PBXFileReference; lastKnownFileType = sourcecode.swift; path = SeriesScreen.swift; sourceTree = "<group>"; };
		F6B2F32B2B84ABEE00A981C2 /* TabBar.swift */ = {isa = PBXFileReference; lastKnownFileType = sourcecode.swift; path = TabBar.swift; sourceTree = "<group>"; };
		F6B2F32E2B84AC1400A981C2 /* TabBarButton.swift */ = {isa = PBXFileReference; lastKnownFileType = sourcecode.swift; path = TabBarButton.swift; sourceTree = "<group>"; };
		F6B2F3312B84ACBB00A981C2 /* CGFloat.swift */ = {isa = PBXFileReference; lastKnownFileType = sourcecode.swift; path = CGFloat.swift; sourceTree = "<group>"; };
		F6B2F3352B84B2C400A981C2 /* Color.swift */ = {isa = PBXFileReference; lastKnownFileType = sourcecode.swift; path = Color.swift; sourceTree = "<group>"; };
		F6B2F33A2B84B42900A981C2 /* ContentScreen.swift */ = {isa = PBXFileReference; lastKnownFileType = sourcecode.swift; path = ContentScreen.swift; sourceTree = "<group>"; };
		F6B2F33C2B84B97B00A981C2 /* ContentCategories.swift */ = {isa = PBXFileReference; lastKnownFileType = sourcecode.swift; path = ContentCategories.swift; sourceTree = "<group>"; };
		F6B2F33E2B84BB6C00A981C2 /* ContentViewModel.swift */ = {isa = PBXFileReference; lastKnownFileType = sourcecode.swift; path = ContentViewModel.swift; sourceTree = "<group>"; };
		F6B2F3422B85F93A00A981C2 /* NavigationViewModel.swift */ = {isa = PBXFileReference; lastKnownFileType = sourcecode.swift; path = NavigationViewModel.swift; sourceTree = "<group>"; };
		F6B2F3442B860B1900A981C2 /* SettingsScreen.swift */ = {isa = PBXFileReference; lastKnownFileType = sourcecode.swift; path = SettingsScreen.swift; sourceTree = "<group>"; };
		F6B2F3472B861A7000A981C2 /* AddContentSheet.swift */ = {isa = PBXFileReference; lastKnownFileType = sourcecode.swift; path = AddContentSheet.swift; sourceTree = "<group>"; };
		F6B2F3492B86286A00A981C2 /* NoContentSection.swift */ = {isa = PBXFileReference; lastKnownFileType = sourcecode.swift; path = NoContentSection.swift; sourceTree = "<group>"; };
		F6B2F34C2B862CB200A981C2 /* Header.swift */ = {isa = PBXFileReference; lastKnownFileType = sourcecode.swift; path = Header.swift; sourceTree = "<group>"; };
/* End PBXFileReference section */

/* Begin PBXFrameworksBuildPhase section */
		F6B2F3042B849B9300A981C2 /* Frameworks */ = {
			isa = PBXFrameworksBuildPhase;
			buildActionMask = 2147483647;
			files = (
			);
			runOnlyForDeploymentPostprocessing = 0;
		};
/* End PBXFrameworksBuildPhase section */

/* Begin PBXGroup section */
		F6B2F2FE2B849B9300A981C2 = {
			isa = PBXGroup;
			children = (
				F6B2F3092B849B9300A981C2 /* WDIW */,
				F6B2F3082B849B9300A981C2 /* Products */,
			);
			sourceTree = "<group>";
		};
		F6B2F3082B849B9300A981C2 /* Products */ = {
			isa = PBXGroup;
			children = (
				F6B2F3072B849B9300A981C2 /* WDIW.app */,
			);
			name = Products;
			sourceTree = "<group>";
		};
		F6B2F3092B849B9300A981C2 /* WDIW */ = {
			isa = PBXGroup;
			children = (
				F6B2F3332B84B28B00A981C2 /* Resources */,
				F6B2F31C2B849BD300A981C2 /* Data */,
				F6B2F31A2B849BBE00A981C2 /* ViewModel */,
				F6B2F31B2B849BC600A981C2 /* View */,
				F6B2F30A2B849B9300A981C2 /* WDIWApp.swift */,
				F6B2F30E2B849B9300A981C2 /* Item.swift */,
				F6B2F3122B849B9400A981C2 /* Preview Content */,
			);
			path = WDIW;
			sourceTree = "<group>";
		};
		F6B2F3122B849B9400A981C2 /* Preview Content */ = {
			isa = PBXGroup;
			children = (
				F6B2F3132B849B9400A981C2 /* Preview Assets.xcassets */,
			);
			path = "Preview Content";
			sourceTree = "<group>";
		};
		F6B2F31A2B849BBE00A981C2 /* ViewModel */ = {
			isa = PBXGroup;
			children = (
				F6B2F33C2B84B97B00A981C2 /* ContentCategories.swift */,
				F6B2F33E2B84BB6C00A981C2 /* ContentViewModel.swift */,
				F6B2F3422B85F93A00A981C2 /* NavigationViewModel.swift */,
			);
			path = ViewModel;
			sourceTree = "<group>";
		};
		F6B2F31B2B849BC600A981C2 /* View */ = {
			isa = PBXGroup;
			children = (
				F6B2F30C2B849B9300A981C2 /* ContentView.swift */,
				F6B2F3442B860B1900A981C2 /* SettingsScreen.swift */,
				F6B2F3392B84B41700A981C2 /* ContentScreens */,
				F6B2F32D2B84AC0300A981C2 /* Components */,
			);
			path = View;
			sourceTree = "<group>";
		};
		F6B2F31C2B849BD300A981C2 /* Data */ = {
			isa = PBXGroup;
			children = (
				F6B2F31D2B84A1F000A981C2 /* Book.swift */,
				F6B2F31F2B84A40500A981C2 /* Movie.swift */,
				F6B2F3212B84A43500A981C2 /* MediaContent.swift */,
				F6B2F3232B84A61C00A981C2 /* Series.swift */,
			);
			path = Data;
			sourceTree = "<group>";
		};
		F6B2F32D2B84AC0300A981C2 /* Components */ = {
			isa = PBXGroup;
			children = (
				F6B2F34B2B862C8800A981C2 /* Navigation */,
				F6B2F3302B84AC1700A981C2 /* TabBar */,
			);
			path = Components;
			sourceTree = "<group>";
		};
		F6B2F3302B84AC1700A981C2 /* TabBar */ = {
			isa = PBXGroup;
			children = (
				F6B2F32B2B84ABEE00A981C2 /* TabBar.swift */,
				F6B2F32E2B84AC1400A981C2 /* TabBarButton.swift */,
			);
			path = TabBar;
			sourceTree = "<group>";
		};
		F6B2F3332B84B28B00A981C2 /* Resources */ = {
			isa = PBXGroup;
			children = (
				F6B2F3102B849B9400A981C2 /* Assets.xcassets */,
				F6B2F3342B84B2B500A981C2 /* Extensions */,
			);
			path = Resources;
			sourceTree = "<group>";
		};
		F6B2F3342B84B2B500A981C2 /* Extensions */ = {
			isa = PBXGroup;
			children = (
				F6B2F3312B84ACBB00A981C2 /* CGFloat.swift */,
				F6B2F3352B84B2C400A981C2 /* Color.swift */,
			);
			path = Extensions;
			sourceTree = "<group>";
		};
		F6B2F3392B84B41700A981C2 /* ContentScreens */ = {
			isa = PBXGroup;
			children = (
				F6B2F3462B861A5500A981C2 /* AddContentSheet */,
				F6B2F33A2B84B42900A981C2 /* ContentScreen.swift */,
				F6B2F3252B84AB7A00A981C2 /* MoviesScreen.swift */,
				F6B2F3272B84AB8500A981C2 /* BooksScreen.swift */,
				F6B2F3292B84AB9600A981C2 /* SeriesScreen.swift */,
				F6B2F3492B86286A00A981C2 /* NoContentSection.swift */,
			);
			path = ContentScreens;
			sourceTree = "<group>";
		};
		F6B2F3462B861A5500A981C2 /* AddContentSheet */ = {
			isa = PBXGroup;
			children = (
				F6B2F3472B861A7000A981C2 /* AddContentSheet.swift */,
			);
			path = AddContentSheet;
			sourceTree = "<group>";
		};
		F6B2F34B2B862C8800A981C2 /* Navigation */ = {
			isa = PBXGroup;
			children = (
				F6B2F34C2B862CB200A981C2 /* Header.swift */,
			);
			path = Navigation;
			sourceTree = "<group>";
		};
/* End PBXGroup section */

/* Begin PBXNativeTarget section */
		F6B2F3062B849B9300A981C2 /* WDIW */ = {
			isa = PBXNativeTarget;
			buildConfigurationList = F6B2F3172B849B9400A981C2 /* Build configuration list for PBXNativeTarget "WDIW" */;
			buildPhases = (
				F6B2F3032B849B9300A981C2 /* Sources */,
				F6B2F3042B849B9300A981C2 /* Frameworks */,
				F6B2F3052B849B9300A981C2 /* Resources */,
			);
			buildRules = (
			);
			dependencies = (
			);
			name = WDIW;
			productName = WDIW;
			productReference = F6B2F3072B849B9300A981C2 /* WDIW.app */;
			productType = "com.apple.product-type.application";
		};
/* End PBXNativeTarget section */

/* Begin PBXProject section */
		F6B2F2FF2B849B9300A981C2 /* Project object */ = {
			isa = PBXProject;
			attributes = {
				BuildIndependentTargetsInParallel = 1;
				LastSwiftUpdateCheck = 1520;
				LastUpgradeCheck = 1520;
				TargetAttributes = {
					F6B2F3062B849B9300A981C2 = {
						CreatedOnToolsVersion = 15.2;
					};
				};
			};
			buildConfigurationList = F6B2F3022B849B9300A981C2 /* Build configuration list for PBXProject "WDIW" */;
			compatibilityVersion = "Xcode 14.0";
			developmentRegion = en;
			hasScannedForEncodings = 0;
			knownRegions = (
				en,
				Base,
			);
			mainGroup = F6B2F2FE2B849B9300A981C2;
			productRefGroup = F6B2F3082B849B9300A981C2 /* Products */;
			projectDirPath = "";
			projectRoot = "";
			targets = (
				F6B2F3062B849B9300A981C2 /* WDIW */,
			);
		};
/* End PBXProject section */

/* Begin PBXResourcesBuildPhase section */
		F6B2F3052B849B9300A981C2 /* Resources */ = {
			isa = PBXResourcesBuildPhase;
			buildActionMask = 2147483647;
			files = (
				F6B2F3142B849B9400A981C2 /* Preview Assets.xcassets in Resources */,
				F6B2F3112B849B9400A981C2 /* Assets.xcassets in Resources */,
			);
			runOnlyForDeploymentPostprocessing = 0;
		};
/* End PBXResourcesBuildPhase section */

/* Begin PBXSourcesBuildPhase section */
		F6B2F3032B849B9300A981C2 /* Sources */ = {
			isa = PBXSourcesBuildPhase;
			buildActionMask = 2147483647;
			files = (
				F6B2F3432B85F93A00A981C2 /* NavigationViewModel.swift in Sources */,
				F6B2F34A2B86286A00A981C2 /* NoContentSection.swift in Sources */,
				F6B2F33B2B84B42900A981C2 /* ContentScreen.swift in Sources */,
				F6B2F3262B84AB7A00A981C2 /* MoviesScreen.swift in Sources */,
				F6B2F31E2B84A1F000A981C2 /* Book.swift in Sources */,
				F6B2F33D2B84B97B00A981C2 /* ContentCategories.swift in Sources */,
				F6B2F3482B861A7000A981C2 /* AddContentSheet.swift in Sources */,
				F6B2F3282B84AB8500A981C2 /* BooksScreen.swift in Sources */,
				F6B2F30D2B849B9300A981C2 /* ContentView.swift in Sources */,
				F6B2F32A2B84AB9600A981C2 /* SeriesScreen.swift in Sources */,
				F6B2F32F2B84AC1400A981C2 /* TabBarButton.swift in Sources */,
				F6B2F30F2B849B9300A981C2 /* Item.swift in Sources */,
				F6B2F30B2B849B9300A981C2 /* WDIWApp.swift in Sources */,
				F6B2F3452B860B1900A981C2 /* SettingsScreen.swift in Sources */,
				F6B2F3202B84A40500A981C2 /* Movie.swift in Sources */,
				F6B2F3362B84B2C400A981C2 /* Color.swift in Sources */,
				F6B2F34D2B862CB200A981C2 /* Header.swift in Sources */,
				F6B2F33F2B84BB6C00A981C2 /* ContentViewModel.swift in Sources */,
				F6B2F3322B84ACBB00A981C2 /* CGFloat.swift in Sources */,
				F6B2F32C2B84ABEE00A981C2 /* TabBar.swift in Sources */,
				F6B2F3222B84A43500A981C2 /* MediaContent.swift in Sources */,
				F6B2F3242B84A61C00A981C2 /* Series.swift in Sources */,
			);
			runOnlyForDeploymentPostprocessing = 0;
		};
/* End PBXSourcesBuildPhase section */

/* Begin XCBuildConfiguration section */
		F6B2F3152B849B9400A981C2 /* Debug */ = {
			isa = XCBuildConfiguration;
			buildSettings = {
				ALWAYS_SEARCH_USER_PATHS = NO;
				ASSETCATALOG_COMPILER_GENERATE_SWIFT_ASSET_SYMBOL_EXTENSIONS = YES;
				CLANG_ANALYZER_NONNULL = YES;
				CLANG_ANALYZER_NUMBER_OBJECT_CONVERSION = YES_AGGRESSIVE;
				CLANG_CXX_LANGUAGE_STANDARD = "gnu++20";
				CLANG_ENABLE_MODULES = YES;
				CLANG_ENABLE_OBJC_ARC = YES;
				CLANG_ENABLE_OBJC_WEAK = YES;
				CLANG_WARN_BLOCK_CAPTURE_AUTORELEASING = YES;
				CLANG_WARN_BOOL_CONVERSION = YES;
				CLANG_WARN_COMMA = YES;
				CLANG_WARN_CONSTANT_CONVERSION = YES;
				CLANG_WARN_DEPRECATED_OBJC_IMPLEMENTATIONS = YES;
				CLANG_WARN_DIRECT_OBJC_ISA_USAGE = YES_ERROR;
				CLANG_WARN_DOCUMENTATION_COMMENTS = YES;
				CLANG_WARN_EMPTY_BODY = YES;
				CLANG_WARN_ENUM_CONVERSION = YES;
				CLANG_WARN_INFINITE_RECURSION = YES;
				CLANG_WARN_INT_CONVERSION = YES;
				CLANG_WARN_NON_LITERAL_NULL_CONVERSION = YES;
				CLANG_WARN_OBJC_IMPLICIT_RETAIN_SELF = YES;
				CLANG_WARN_OBJC_LITERAL_CONVERSION = YES;
				CLANG_WARN_OBJC_ROOT_CLASS = YES_ERROR;
				CLANG_WARN_QUOTED_INCLUDE_IN_FRAMEWORK_HEADER = YES;
				CLANG_WARN_RANGE_LOOP_ANALYSIS = YES;
				CLANG_WARN_STRICT_PROTOTYPES = YES;
				CLANG_WARN_SUSPICIOUS_MOVE = YES;
				CLANG_WARN_UNGUARDED_AVAILABILITY = YES_AGGRESSIVE;
				CLANG_WARN_UNREACHABLE_CODE = YES;
				CLANG_WARN__DUPLICATE_METHOD_MATCH = YES;
				COPY_PHASE_STRIP = NO;
				DEBUG_INFORMATION_FORMAT = dwarf;
				ENABLE_STRICT_OBJC_MSGSEND = YES;
				ENABLE_TESTABILITY = YES;
				ENABLE_USER_SCRIPT_SANDBOXING = YES;
				GCC_C_LANGUAGE_STANDARD = gnu17;
				GCC_DYNAMIC_NO_PIC = NO;
				GCC_NO_COMMON_BLOCKS = YES;
				GCC_OPTIMIZATION_LEVEL = 0;
				GCC_PREPROCESSOR_DEFINITIONS = (
					"DEBUG=1",
					"$(inherited)",
				);
				GCC_WARN_64_TO_32_BIT_CONVERSION = YES;
				GCC_WARN_ABOUT_RETURN_TYPE = YES_ERROR;
				GCC_WARN_UNDECLARED_SELECTOR = YES;
				GCC_WARN_UNINITIALIZED_AUTOS = YES_AGGRESSIVE;
				GCC_WARN_UNUSED_FUNCTION = YES;
				GCC_WARN_UNUSED_VARIABLE = YES;
				IPHONEOS_DEPLOYMENT_TARGET = 17.2;
				LOCALIZATION_PREFERS_STRING_CATALOGS = YES;
				MTL_ENABLE_DEBUG_INFO = INCLUDE_SOURCE;
				MTL_FAST_MATH = YES;
				ONLY_ACTIVE_ARCH = YES;
				SDKROOT = iphoneos;
				SWIFT_ACTIVE_COMPILATION_CONDITIONS = "DEBUG $(inherited)";
				SWIFT_OPTIMIZATION_LEVEL = "-Onone";
			};
			name = Debug;
		};
		F6B2F3162B849B9400A981C2 /* Release */ = {
			isa = XCBuildConfiguration;
			buildSettings = {
				ALWAYS_SEARCH_USER_PATHS = NO;
				ASSETCATALOG_COMPILER_GENERATE_SWIFT_ASSET_SYMBOL_EXTENSIONS = YES;
				CLANG_ANALYZER_NONNULL = YES;
				CLANG_ANALYZER_NUMBER_OBJECT_CONVERSION = YES_AGGRESSIVE;
				CLANG_CXX_LANGUAGE_STANDARD = "gnu++20";
				CLANG_ENABLE_MODULES = YES;
				CLANG_ENABLE_OBJC_ARC = YES;
				CLANG_ENABLE_OBJC_WEAK = YES;
				CLANG_WARN_BLOCK_CAPTURE_AUTORELEASING = YES;
				CLANG_WARN_BOOL_CONVERSION = YES;
				CLANG_WARN_COMMA = YES;
				CLANG_WARN_CONSTANT_CONVERSION = YES;
				CLANG_WARN_DEPRECATED_OBJC_IMPLEMENTATIONS = YES;
				CLANG_WARN_DIRECT_OBJC_ISA_USAGE = YES_ERROR;
				CLANG_WARN_DOCUMENTATION_COMMENTS = YES;
				CLANG_WARN_EMPTY_BODY = YES;
				CLANG_WARN_ENUM_CONVERSION = YES;
				CLANG_WARN_INFINITE_RECURSION = YES;
				CLANG_WARN_INT_CONVERSION = YES;
				CLANG_WARN_NON_LITERAL_NULL_CONVERSION = YES;
				CLANG_WARN_OBJC_IMPLICIT_RETAIN_SELF = YES;
				CLANG_WARN_OBJC_LITERAL_CONVERSION = YES;
				CLANG_WARN_OBJC_ROOT_CLASS = YES_ERROR;
				CLANG_WARN_QUOTED_INCLUDE_IN_FRAMEWORK_HEADER = YES;
				CLANG_WARN_RANGE_LOOP_ANALYSIS = YES;
				CLANG_WARN_STRICT_PROTOTYPES = YES;
				CLANG_WARN_SUSPICIOUS_MOVE = YES;
				CLANG_WARN_UNGUARDED_AVAILABILITY = YES_AGGRESSIVE;
				CLANG_WARN_UNREACHABLE_CODE = YES;
				CLANG_WARN__DUPLICATE_METHOD_MATCH = YES;
				COPY_PHASE_STRIP = NO;
				DEBUG_INFORMATION_FORMAT = "dwarf-with-dsym";
				ENABLE_NS_ASSERTIONS = NO;
				ENABLE_STRICT_OBJC_MSGSEND = YES;
				ENABLE_USER_SCRIPT_SANDBOXING = YES;
				GCC_C_LANGUAGE_STANDARD = gnu17;
				GCC_NO_COMMON_BLOCKS = YES;
				GCC_WARN_64_TO_32_BIT_CONVERSION = YES;
				GCC_WARN_ABOUT_RETURN_TYPE = YES_ERROR;
				GCC_WARN_UNDECLARED_SELECTOR = YES;
				GCC_WARN_UNINITIALIZED_AUTOS = YES_AGGRESSIVE;
				GCC_WARN_UNUSED_FUNCTION = YES;
				GCC_WARN_UNUSED_VARIABLE = YES;
				IPHONEOS_DEPLOYMENT_TARGET = 17.2;
				LOCALIZATION_PREFERS_STRING_CATALOGS = YES;
				MTL_ENABLE_DEBUG_INFO = NO;
				MTL_FAST_MATH = YES;
				SDKROOT = iphoneos;
				SWIFT_COMPILATION_MODE = wholemodule;
				VALIDATE_PRODUCT = YES;
			};
			name = Release;
		};
		F6B2F3182B849B9400A981C2 /* Debug */ = {
			isa = XCBuildConfiguration;
			buildSettings = {
				ASSETCATALOG_COMPILER_APPICON_NAME = AppIcon;
				ASSETCATALOG_COMPILER_GLOBAL_ACCENT_COLOR_NAME = AccentColor;
				CODE_SIGN_STYLE = Automatic;
				CURRENT_PROJECT_VERSION = 1;
				DEVELOPMENT_ASSET_PATHS = "\"WDIW/Preview Content\"";
				DEVELOPMENT_TEAM = N58B57LHJQ;
				ENABLE_PREVIEWS = YES;
				GENERATE_INFOPLIST_FILE = YES;
				INFOPLIST_KEY_UIApplicationSceneManifest_Generation = YES;
				INFOPLIST_KEY_UIApplicationSupportsIndirectInputEvents = YES;
				INFOPLIST_KEY_UILaunchScreen_Generation = YES;
				INFOPLIST_KEY_UISupportedInterfaceOrientations_iPad = "UIInterfaceOrientationPortrait UIInterfaceOrientationPortraitUpsideDown UIInterfaceOrientationLandscapeLeft UIInterfaceOrientationLandscapeRight";
				INFOPLIST_KEY_UISupportedInterfaceOrientations_iPhone = "UIInterfaceOrientationPortrait UIInterfaceOrientationLandscapeLeft UIInterfaceOrientationLandscapeRight";
				LD_RUNPATH_SEARCH_PATHS = (
					"$(inherited)",
					"@executable_path/Frameworks",
				);
				MARKETING_VERSION = 1.0;
				PRODUCT_BUNDLE_IDENTIFIER = nvontrott.WDIW;
				PRODUCT_NAME = "$(TARGET_NAME)";
				SWIFT_EMIT_LOC_STRINGS = YES;
				SWIFT_VERSION = 5.0;
				TARGETED_DEVICE_FAMILY = "1,2";
			};
			name = Debug;
		};
		F6B2F3192B849B9400A981C2 /* Release */ = {
			isa = XCBuildConfiguration;
			buildSettings = {
				ASSETCATALOG_COMPILER_APPICON_NAME = AppIcon;
				ASSETCATALOG_COMPILER_GLOBAL_ACCENT_COLOR_NAME = AccentColor;
				CODE_SIGN_STYLE = Automatic;
				CURRENT_PROJECT_VERSION = 1;
				DEVELOPMENT_ASSET_PATHS = "\"WDIW/Preview Content\"";
				DEVELOPMENT_TEAM = N58B57LHJQ;
				ENABLE_PREVIEWS = YES;
				GENERATE_INFOPLIST_FILE = YES;
				INFOPLIST_KEY_UIApplicationSceneManifest_Generation = YES;
				INFOPLIST_KEY_UIApplicationSupportsIndirectInputEvents = YES;
				INFOPLIST_KEY_UILaunchScreen_Generation = YES;
				INFOPLIST_KEY_UISupportedInterfaceOrientations_iPad = "UIInterfaceOrientationPortrait UIInterfaceOrientationPortraitUpsideDown UIInterfaceOrientationLandscapeLeft UIInterfaceOrientationLandscapeRight";
				INFOPLIST_KEY_UISupportedInterfaceOrientations_iPhone = "UIInterfaceOrientationPortrait UIInterfaceOrientationLandscapeLeft UIInterfaceOrientationLandscapeRight";
				LD_RUNPATH_SEARCH_PATHS = (
					"$(inherited)",
					"@executable_path/Frameworks",
				);
				MARKETING_VERSION = 1.0;
				PRODUCT_BUNDLE_IDENTIFIER = nvontrott.WDIW;
				PRODUCT_NAME = "$(TARGET_NAME)";
				SWIFT_EMIT_LOC_STRINGS = YES;
				SWIFT_VERSION = 5.0;
				TARGETED_DEVICE_FAMILY = "1,2";
			};
			name = Release;
		};
/* End XCBuildConfiguration section */

/* Begin XCConfigurationList section */
		F6B2F3022B849B9300A981C2 /* Build configuration list for PBXProject "WDIW" */ = {
			isa = XCConfigurationList;
			buildConfigurations = (
				F6B2F3152B849B9400A981C2 /* Debug */,
				F6B2F3162B849B9400A981C2 /* Release */,
			);
			defaultConfigurationIsVisible = 0;
			defaultConfigurationName = Release;
		};
		F6B2F3172B849B9400A981C2 /* Build configuration list for PBXNativeTarget "WDIW" */ = {
			isa = XCConfigurationList;
			buildConfigurations = (
				F6B2F3182B849B9400A981C2 /* Debug */,
				F6B2F3192B849B9400A981C2 /* Release */,
			);
			defaultConfigurationIsVisible = 0;
			defaultConfigurationName = Release;
		};
/* End XCConfigurationList section */
	};
	rootObject = F6B2F2FF2B849B9300A981C2 /* Project object */;
}
